<?xml version="1.0" encoding="utf-8"?>
<Project ToolsVersion="4.0" xmlns="http://schemas.microsoft.com/developer/msbuild/2003">
  <ItemGroup>
    <Filter Include="Resource Files">
      <UniqueIdentifier>{651bb335-c78b-41ab-842d-49865d01c94e}</UniqueIdentifier>
      <Extensions>rc;ico;cur;bmp;dlg;rc2;rct;bin;rgs;gif;jpg;jpeg;jpe;resx;tiff;tif;png;wav</Extensions>
    </Filter>
    <Filter Include="Header Files">
      <UniqueIdentifier>{bb433484-b035-4540-ab41-15da4e16e423}</UniqueIdentifier>
      <Extensions>h;hpp;hxx;hm;inl;inc;xsd</Extensions>
    </Filter>
    <Filter Include="Source Files">
      <UniqueIdentifier>{352f9e80-edb8-462f-81de-e62a810ea126}</UniqueIdentifier>
    </Filter>
    <Filter Include="Asm">
      <UniqueIdentifier>{231ad8d1-1467-4b76-9f47-0154a5d6ec53}</UniqueIdentifier>
    </Filter>
  </ItemGroup>
  <ItemGroup>
    <ResourceCompile Include="..\..\resources\libclamav_llvm.rc">
      <Filter>Resource Files</Filter>
    </ResourceCompile>
  </ItemGroup>
  <ItemGroup>
    <ClInclude Include="..\..\include\llvmbuild\llvm\Config\config.h">
      <Filter>Header Files</Filter>
    </ClInclude>
    <ClInclude Include="..\..\include\llvmbuild\llvm\System\DataTypes.h">
      <Filter>Header Files</Filter>
    </ClInclude>
    <ClInclude Include="..\..\include\llvmbuild\llvm\Config\llvm-config.h">
      <Filter>Header Files</Filter>
    </ClInclude>
  </ItemGroup>
  <ItemGroup>
    <ClCompile Include="..\..\..\..\libclamav\c++\llvm\lib\Transforms\Utils\AddrModeMatcher.cpp">
      <Filter>Source Files</Filter>
    </ClCompile>
    <ClCompile Include="..\..\..\..\libclamav\c++\llvm\lib\CodeGen\AggressiveAntiDepBreaker.cpp">
      <Filter>Source Files</Filter>
    </ClCompile>
    <ClCompile Include="..\..\..\..\libclamav\c++\llvm\lib\System\Alarm.cpp">
      <Filter>Source Files</Filter>
    </ClCompile>
    <ClCompile Include="..\..\..\..\libclamav\c++\llvm\lib\Analysis\AliasAnalysis.cpp">
      <Filter>Source Files</Filter>
    </ClCompile>
    <ClCompile Include="..\..\..\..\libclamav\c++\llvm\lib\Analysis\AliasSetTracker.cpp">
      <Filter>Source Files</Filter>
    </ClCompile>
    <ClCompile Include="..\..\..\..\libclamav\c++\llvm\lib\Support\Allocator.cpp">
      <Filter>Source Files</Filter>
    </ClCompile>
    <ClCompile Include="..\..\..\..\libclamav\c++\llvm\lib\CodeGen\Analysis.cpp">
      <Filter>Source Files</Filter>
    </ClCompile>
    <ClCompile Include="..\..\..\..\libclamav\c++\llvm\lib\Support\APFloat.cpp">
      <Filter>Source Files</Filter>
    </ClCompile>
    <ClCompile Include="..\..\..\..\libclamav\c++\llvm\lib\Support\APInt.cpp">
      <Filter>Source Files</Filter>
    </ClCompile>
    <ClCompile Include="..\..\..\..\libclamav\c++\llvm\lib\VMCore\AsmWriter.cpp">
      <Filter>Source Files</Filter>
    </ClCompile>
    <ClCompile Include="..\..\..\..\libclamav\c++\llvm\lib\System\Atomic.cpp">
      <Filter>Source Files</Filter>
    </ClCompile>
    <ClCompile Include="..\..\..\..\libclamav\c++\llvm\lib\VMCore\Attributes.cpp">
      <Filter>Source Files</Filter>
    </ClCompile>
    <ClCompile Include="..\..\..\..\libclamav\c++\llvm\lib\VMCore\AutoUpgrade.cpp">
      <Filter>Source Files</Filter>
    </ClCompile>
    <ClCompile Include="..\..\..\..\libclamav\c++\llvm\lib\Analysis\BasicAliasAnalysis.cpp">
      <Filter>Source Files</Filter>
    </ClCompile>
    <ClCompile Include="..\..\..\..\libclamav\c++\llvm\lib\VMCore\BasicBlock.cpp">
      <Filter>Source Files</Filter>
    </ClCompile>
    <ClCompile Include="..\..\..\..\libclamav\c++\llvm\lib\Transforms\Utils\BasicBlockUtils.cpp">
      <Filter>Source Files</Filter>
    </ClCompile>
    <ClCompile Include="..\..\..\..\libclamav\c++\llvm\lib\CodeGen\BranchFolding.cpp">
      <Filter>Source Files</Filter>
    </ClCompile>
    <ClCompile Include="..\..\..\..\libclamav\c++\llvm\lib\Transforms\Utils\BreakCriticalEdges.cpp">
      <Filter>Source Files</Filter>
    </ClCompile>
    <ClCompile Include="..\..\..\..\libclamav\c++\llvm\lib\Transforms\Utils\BuildLibCalls.cpp">
      <Filter>Source Files</Filter>
    </ClCompile>
    <ClCompile Include="..\..\..\..\libclamav\c++\bytecode2llvm.cpp">
      <Filter>Source Files</Filter>
    </ClCompile>
    <ClCompile Include="..\..\..\..\libclamav\c++\llvm\lib\CodeGen\CalcSpillWeights.cpp">
      <Filter>Source Files</Filter>
    </ClCompile>
    <ClCompile Include="..\..\..\..\libclamav\c++\llvm\lib\Analysis\IPA\CallGraph.cpp">
      <Filter>Source Files</Filter>
    </ClCompile>
    <ClCompile Include="..\..\..\..\libclamav\c++\llvm\lib\CodeGen\CallingConvLower.cpp">
      <Filter>Source Files</Filter>
    </ClCompile>
    <ClCompile Include="..\..\..\..\libclamav\c++\llvm\lib\Analysis\CaptureTracking.cpp">
      <Filter>Source Files</Filter>
    </ClCompile>
    <ClCompile Include="..\..\..\..\libclamav\c++\llvm\lib\Support\circular_raw_ostream.cpp">
      <Filter>Source Files</Filter>
    </ClCompile>
    <ClCompile Include="..\..\..\..\libclamav\c++\ClamBCRTChecks.cpp">
      <Filter>Source Files</Filter>
    </ClCompile>
    <ClCompile Include="..\..\..\..\libclamav\c++\llvm\lib\Transforms\Scalar\CodeGenPrepare.cpp">
      <Filter>Source Files</Filter>
    </ClCompile>
    <ClCompile Include="..\..\..\..\libclamav\c++\llvm\lib\CodeGen\CodePlacementOpt.cpp">
      <Filter>Source Files</Filter>
    </ClCompile>
    <ClCompile Include="..\..\..\..\libclamav\c++\llvm\lib\Support\CommandLine.cpp">
      <Filter>Source Files</Filter>
    </ClCompile>
    <ClCompile Include="..\..\..\..\libclamav\c++\llvm\lib\VMCore\ConstantFold.cpp">
      <Filter>Source Files</Filter>
    </ClCompile>
    <ClCompile Include="..\..\..\..\libclamav\c++\llvm\lib\Analysis\ConstantFolding.cpp">
      <Filter>Source Files</Filter>
    </ClCompile>
    <ClCompile Include="..\..\..\..\libclamav\c++\llvm\lib\Transforms\IPO\ConstantMerge.cpp">
      <Filter>Source Files</Filter>
    </ClCompile>
    <ClCompile Include="..\..\..\..\libclamav\c++\llvm\lib\Support\ConstantRange.cpp">
      <Filter>Source Files</Filter>
    </ClCompile>
    <ClCompile Include="..\..\..\..\libclamav\c++\llvm\lib\VMCore\Constants.cpp">
      <Filter>Source Files</Filter>
    </ClCompile>
    <ClCompile Include="..\..\..\..\libclamav\c++\llvm\lib\VMCore\Core.cpp">
      <Filter>Source Files</Filter>
    </ClCompile>
    <ClCompile Include="..\..\..\..\libclamav\c++\llvm\lib\CodeGen\CriticalAntiDepBreaker.cpp">
      <Filter>Source Files</Filter>
    </ClCompile>
    <ClCompile Include="..\..\..\..\libclamav\c++\llvm\lib\CodeGen\SelectionDAG\DAGCombiner.cpp">
      <Filter>Source Files</Filter>
    </ClCompile>
    <ClCompile Include="..\..\..\..\libclamav\c++\llvm\lib\Transforms\Scalar\DCE.cpp">
      <Filter>Source Files</Filter>
    </ClCompile>
    <ClCompile Include="..\..\..\..\libclamav\c++\llvm\lib\CodeGen\DeadMachineInstructionElim.cpp">
      <Filter>Source Files</Filter>
    </ClCompile>
    <ClCompile Include="..\..\..\..\libclamav\c++\llvm\lib\Support\Debug.cpp">
      <Filter>Source Files</Filter>
    </ClCompile>
    <ClCompile Include="..\..\..\..\libclamav\c++\llvm\lib\Analysis\DebugInfo.cpp">
      <Filter>Source Files</Filter>
    </ClCompile>
    <ClCompile Include="..\..\..\..\libclamav\c++\llvm\lib\VMCore\DebugLoc.cpp">
      <Filter>Source Files</Filter>
    </ClCompile>
    <ClCompile Include="..\..\..\..\libclamav\c++\llvm\lib\Transforms\Utils\DemoteRegToStack.cpp">
      <Filter>Source Files</Filter>
    </ClCompile>
    <ClCompile Include="..\..\..\..\libclamav\c++\detect.cpp">
      <Filter>Source Files</Filter>
    </ClCompile>
    <ClCompile Include="..\..\..\..\libclamav\c++\llvm\lib\System\Disassembler.cpp">
      <Filter>Source Files</Filter>
    </ClCompile>
    <ClCompile Include="..\..\..\..\libclamav\c++\llvm\lib\VMCore\Dominators.cpp">
      <Filter>Source Files</Filter>
    </ClCompile>
    <ClCompile Include="..\..\..\..\libclamav\c++\llvm\lib\Support\Dwarf.cpp">
      <Filter>Source Files</Filter>
    </ClCompile>
    <ClCompile Include="..\..\..\..\libclamav\c++\llvm\lib\CodeGen\DwarfEHPrepare.cpp">
      <Filter>Source Files</Filter>
    </ClCompile>
    <ClCompile Include="..\..\..\..\libclamav\c++\llvm\lib\System\DynamicLibrary.cpp">
      <Filter>Source Files</Filter>
    </ClCompile>
    <ClCompile Include="..\..\..\..\libclamav\c++\llvm\lib\CodeGen\ELFCodeEmitter.cpp">
      <Filter>Source Files</Filter>
    </ClCompile>
    <ClCompile Include="..\..\..\..\libclamav\c++\llvm\lib\MC\ELFObjectWriter.cpp">
      <Filter>Source Files</Filter>
    </ClCompile>
    <ClCompile Include="..\..\..\..\libclamav\c++\llvm\lib\CodeGen\ELFWriter.cpp">
      <Filter>Source Files</Filter>
    </ClCompile>
    <ClCompile Include="..\..\..\..\libclamav\c++\llvm\lib\System\Errno.cpp">
      <Filter>Source Files</Filter>
    </ClCompile>
    <ClCompile Include="..\..\..\..\libclamav\c++\llvm\lib\Support\ErrorHandling.cpp">
      <Filter>Source Files</Filter>
    </ClCompile>
    <ClCompile Include="..\..\..\..\libclamav\c++\llvm\lib\ExecutionEngine\ExecutionEngine.cpp">
      <Filter>Source Files</Filter>
    </ClCompile>
    <ClCompile Include="..\..\..\..\libclamav\c++\llvm\lib\CodeGen\SelectionDAG\FastISel.cpp">
      <Filter>Source Files</Filter>
    </ClCompile>
    <ClCompile Include="..\..\..\..\libclamav\c++\llvm\lib\Support\FoldingSet.cpp">
      <Filter>Source Files</Filter>
    </ClCompile>
    <ClCompile Include="..\..\..\..\libclamav\c++\llvm\lib\Support\FormattedStream.cpp">
      <Filter>Source Files</Filter>
    </ClCompile>
    <ClCompile Include="..\..\..\..\libclamav\c++\llvm\lib\VMCore\Function.cpp">
      <Filter>Source Files</Filter>
    </ClCompile>
    <ClCompile Include="..\..\..\..\libclamav\c++\llvm\lib\CodeGen\SelectionDAG\FunctionLoweringInfo.cpp">
      <Filter>Source Files</Filter>
    </ClCompile>
    <ClCompile Include="..\..\..\..\libclamav\c++\llvm\lib\CodeGen\GCMetadata.cpp">
      <Filter>Source Files</Filter>
    </ClCompile>
    <ClCompile Include="..\..\..\..\libclamav\c++\llvm\lib\CodeGen\GCStrategy.cpp">
      <Filter>Source Files</Filter>
    </ClCompile>
    <ClCompile Include="..\..\..\..\libclamav\c++\llvm\lib\Transforms\Scalar\GEPSplitter.cpp">
      <Filter>Source Files</Filter>
    </ClCompile>
    <ClCompile Include="..\..\..\..\libclamav\c++\llvm\lib\Transforms\IPO\GlobalOpt.cpp">
      <Filter>Source Files</Filter>
    </ClCompile>
    <ClCompile Include="..\..\..\..\libclamav\c++\llvm\lib\VMCore\Globals.cpp">
      <Filter>Source Files</Filter>
    </ClCompile>
    <ClCompile Include="..\..\..\..\libclamav\c++\llvm\lib\Support\GraphWriter.cpp">
      <Filter>Source Files</Filter>
    </ClCompile>
    <ClCompile Include="..\..\..\..\libclamav\c++\llvm\lib\VMCore\GVMaterializer.cpp">
      <Filter>Source Files</Filter>
    </ClCompile>
    <ClCompile Include="..\..\..\..\libclamav\c++\llvm\lib\Transforms\Scalar\GVN.cpp">
      <Filter>Source Files</Filter>
    </ClCompile>
    <ClCompile Include="..\..\..\..\libclamav\c++\llvm\lib\System\Host.cpp">
      <Filter>Source Files</Filter>
    </ClCompile>
    <ClCompile Include="..\..\..\..\libclamav\c++\llvm\lib\System\IncludeFile.cpp">
      <Filter>Source Files</Filter>
    </ClCompile>
    <ClCompile Include="..\..\..\..\libclamav\c++\llvm\lib\VMCore\InlineAsm.cpp">
      <Filter>Source Files</Filter>
    </ClCompile>
    <ClCompile Include="..\..\..\..\libclamav\c++\llvm\lib\CodeGen\InlineSpiller.cpp">
      <Filter>Source Files</Filter>
    </ClCompile>
    <ClCompile Include="..\..\..\..\libclamav\c++\llvm\lib\CodeGen\SelectionDAG\InstrEmitter.cpp">
      <Filter>Source Files</Filter>
    </ClCompile>
    <ClCompile Include="..\..\..\..\libclamav\c++\llvm\lib\VMCore\Instruction.cpp">
      <Filter>Source Files</Filter>
    </ClCompile>
    <ClCompile Include="..\..\..\..\libclamav\c++\llvm\lib\VMCore\Instructions.cpp">
      <Filter>Source Files</Filter>
    </ClCompile>
    <ClCompile Include="..\..\..\..\libclamav\c++\llvm\lib\Analysis\InstructionSimplify.cpp">
      <Filter>Source Files</Filter>
    </ClCompile>
    <ClCompile Include="..\..\..\..\libclamav\c++\llvm\lib\ExecutionEngine\JIT\Intercept.cpp">
      <Filter>Source Files</Filter>
    </ClCompile>
    <ClCompile Include="..\..\..\..\libclamav\c++\llvm\lib\VMCore\IntrinsicInst.cpp">
      <Filter>Source Files</Filter>
    </ClCompile>
    <ClCompile Include="..\..\..\..\libclamav\c++\llvm\lib\VMCore\IRBuilder.cpp">
      <Filter>Source Files</Filter>
    </ClCompile>
    <ClCompile Include="..\..\..\..\libclamav\c++\llvm\lib\Analysis\IVUsers.cpp">
      <Filter>Source Files</Filter>
    </ClCompile>
    <ClCompile Include="..\..\..\..\libclamav\c++\llvm\lib\ExecutionEngine\JIT\JIT.cpp">
      <Filter>Source Files</Filter>
    </ClCompile>
    <ClCompile Include="..\..\..\..\libclamav\c++\llvm\lib\ExecutionEngine\JIT\JITDebugRegisterer.cpp">
      <Filter>Source Files</Filter>
    </ClCompile>
    <ClCompile Include="..\..\..\..\libclamav\c++\llvm\lib\ExecutionEngine\JIT\JITDwarfEmitter.cpp">
      <Filter>Source Files</Filter>
    </ClCompile>
    <ClCompile Include="..\..\..\..\libclamav\c++\llvm\lib\ExecutionEngine\JIT\JITEmitter.cpp">
      <Filter>Source Files</Filter>
    </ClCompile>
    <ClCompile Include="..\..\..\..\libclamav\c++\llvm\lib\ExecutionEngine\JIT\JITMemoryManager.cpp">
      <Filter>Source Files</Filter>
    </ClCompile>
    <ClCompile Include="..\..\..\..\libclamav\c++\llvm\lib\CodeGen\LatencyPriorityQueue.cpp">
      <Filter>Source Files</Filter>
    </ClCompile>
    <ClCompile Include="..\..\..\..\libclamav\c++\llvm\lib\Transforms\Utils\LCSSA.cpp">
      <Filter>Source Files</Filter>
    </ClCompile>
    <ClCompile Include="..\..\..\..\libclamav\c++\llvm\lib\VMCore\LeakDetector.cpp">
      <Filter>Source Files</Filter>
    </ClCompile>
    <ClCompile Include="..\..\..\..\libclamav\c++\llvm\lib\CodeGen\SelectionDAG\LegalizeDAG.cpp">
      <Filter>Source Files</Filter>
    </ClCompile>
    <ClCompile Include="..\..\..\..\libclamav\c++\llvm\lib\CodeGen\SelectionDAG\LegalizeFloatTypes.cpp">
      <Filter>Source Files</Filter>
    </ClCompile>
    <ClCompile Include="..\..\..\..\libclamav\c++\llvm\lib\CodeGen\SelectionDAG\LegalizeIntegerTypes.cpp">
      <Filter>Source Files</Filter>
    </ClCompile>
    <ClCompile Include="..\..\..\..\libclamav\c++\llvm\lib\CodeGen\SelectionDAG\LegalizeTypes.cpp">
      <Filter>Source Files</Filter>
    </ClCompile>
    <ClCompile Include="..\..\..\..\libclamav\c++\llvm\lib\CodeGen\SelectionDAG\LegalizeTypesGeneric.cpp">
      <Filter>Source Files</Filter>
    </ClCompile>
    <ClCompile Include="..\..\..\..\libclamav\c++\llvm\lib\CodeGen\SelectionDAG\LegalizeVectorOps.cpp">
      <Filter>Source Files</Filter>
    </ClCompile>
    <ClCompile Include="..\..\..\..\libclamav\c++\llvm\lib\CodeGen\SelectionDAG\LegalizeVectorTypes.cpp">
      <Filter>Source Files</Filter>
    </ClCompile>
    <ClCompile Include="..\..\..\..\libclamav\c++\llvm\lib\CodeGen\LiveInterval.cpp">
      <Filter>Source Files</Filter>
    </ClCompile>
    <ClCompile Include="..\..\..\..\libclamav\c++\llvm\lib\CodeGen\LiveIntervalAnalysis.cpp">
      <Filter>Source Files</Filter>
    </ClCompile>
    <ClCompile Include="..\..\..\..\libclamav\c++\llvm\lib\CodeGen\LiveStackAnalysis.cpp">
      <Filter>Source Files</Filter>
    </ClCompile>
    <ClCompile Include="..\..\..\..\libclamav\c++\llvm\lib\CodeGen\LiveVariables.cpp">
      <Filter>Source Files</Filter>
    </ClCompile>
    <ClCompile Include="..\..\..\..\libclamav\c++\llvm\lib\VMCore\LLVMContext.cpp">
      <Filter>Source Files</Filter>
    </ClCompile>
    <ClCompile Include="..\..\..\..\libclamav\c++\llvm\lib\VMCore\LLVMContextImpl.cpp">
      <Filter>Source Files</Filter>
    </ClCompile>
    <ClCompile Include="..\..\..\..\libclamav\c++\llvm\lib\CodeGen\LLVMTargetMachine.cpp">
      <Filter>Source Files</Filter>
    </ClCompile>
    <ClCompile Include="..\..\..\..\libclamav\c++\llvm\lib\Analysis\Loads.cpp">
      <Filter>Source Files</Filter>
    </ClCompile>
    <ClCompile Include="..\..\..\..\libclamav\c++\llvm\lib\Transforms\Utils\Local.cpp">
      <Filter>Source Files</Filter>
    </ClCompile>
    <ClCompile Include="..\..\..\..\libclamav\c++\llvm\lib\CodeGen\LocalStackSlotAllocation.cpp">
      <Filter>Source Files</Filter>
    </ClCompile>
    <ClCompile Include="..\..\..\..\libclamav\c++\llvm\lib\Analysis\LoopInfo.cpp">
      <Filter>Source Files</Filter>
    </ClCompile>
    <ClCompile Include="..\..\..\..\libclamav\c++\llvm\lib\Analysis\LoopPass.cpp">
      <Filter>Source Files</Filter>
    </ClCompile>
    <ClCompile Include="..\..\..\..\libclamav\c++\llvm\lib\Transforms\Utils\LoopSimplify.cpp">
      <Filter>Source Files</Filter>
    </ClCompile>
    <ClCompile Include="..\..\..\..\libclamav\c++\llvm\lib\Transforms\Scalar\LoopStrengthReduce.cpp">
      <Filter>Source Files</Filter>
    </ClCompile>
    <ClCompile Include="..\..\..\..\libclamav\c++\llvm\lib\Transforms\Utils\LowerInvoke.cpp">
      <Filter>Source Files</Filter>
    </ClCompile>
    <ClCompile Include="..\..\..\..\libclamav\c++\llvm\lib\CodeGen\LowerSubregs.cpp">
      <Filter>Source Files</Filter>
    </ClCompile>
    <ClCompile Include="..\..\..\..\libclamav\c++\llvm\lib\Transforms\Utils\LowerSwitch.cpp">
      <Filter>Source Files</Filter>
    </ClCompile>
    <ClCompile Include="..\..\..\..\libclamav\c++\llvm\lib\CodeGen\MachineBasicBlock.cpp">
      <Filter>Source Files</Filter>
    </ClCompile>
    <ClCompile Include="..\..\..\..\libclamav\c++\llvm\lib\CodeGen\MachineCSE.cpp">
      <Filter>Source Files</Filter>
    </ClCompile>
    <ClCompile Include="..\..\..\..\libclamav\c++\llvm\lib\CodeGen\MachineDominators.cpp">
      <Filter>Source Files</Filter>
    </ClCompile>
    <ClCompile Include="..\..\..\..\libclamav\c++\llvm\lib\CodeGen\MachineFunction.cpp">
      <Filter>Source Files</Filter>
    </ClCompile>
    <ClCompile Include="..\..\..\..\libclamav\c++\llvm\lib\CodeGen\MachineFunctionAnalysis.cpp">
      <Filter>Source Files</Filter>
    </ClCompile>
    <ClCompile Include="..\..\..\..\libclamav\c++\llvm\lib\CodeGen\MachineFunctionPass.cpp">
      <Filter>Source Files</Filter>
    </ClCompile>
    <ClCompile Include="..\..\..\..\libclamav\c++\llvm\lib\CodeGen\MachineFunctionPrinterPass.cpp">
      <Filter>Source Files</Filter>
    </ClCompile>
    <ClCompile Include="..\..\..\..\libclamav\c++\llvm\lib\CodeGen\MachineInstr.cpp">
      <Filter>Source Files</Filter>
    </ClCompile>
    <ClCompile Include="..\..\..\..\libclamav\c++\llvm\lib\CodeGen\MachineLICM.cpp">
      <Filter>Source Files</Filter>
    </ClCompile>
    <ClCompile Include="..\..\..\..\libclamav\c++\llvm\lib\CodeGen\MachineLoopInfo.cpp">
      <Filter>Source Files</Filter>
    </ClCompile>
    <ClCompile Include="..\..\..\..\libclamav\c++\llvm\lib\CodeGen\MachineModuleInfo.cpp">
      <Filter>Source Files</Filter>
    </ClCompile>
    <ClCompile Include="..\..\..\..\libclamav\c++\llvm\lib\CodeGen\MachineModuleInfoImpls.cpp">
      <Filter>Source Files</Filter>
    </ClCompile>
    <ClCompile Include="..\..\..\..\libclamav\c++\llvm\lib\CodeGen\MachinePassRegistry.cpp">
      <Filter>Source Files</Filter>
    </ClCompile>
    <ClCompile Include="..\..\..\..\libclamav\c++\llvm\lib\CodeGen\MachineRegisterInfo.cpp">
      <Filter>Source Files</Filter>
    </ClCompile>
    <ClCompile Include="..\..\..\..\libclamav\c++\llvm\lib\CodeGen\MachineSink.cpp">
      <Filter>Source Files</Filter>
    </ClCompile>
    <ClCompile Include="..\..\..\..\libclamav\c++\llvm\lib\CodeGen\MachineSSAUpdater.cpp">
      <Filter>Source Files</Filter>
    </ClCompile>
    <ClCompile Include="..\..\..\..\libclamav\c++\llvm\lib\CodeGen\MachineVerifier.cpp">
      <Filter>Source Files</Filter>
    </ClCompile>
    <ClCompile Include="..\..\..\..\libclamav\c++\llvm\lib\MC\MachObjectWriter.cpp">
      <Filter>Source Files</Filter>
    </ClCompile>
    <ClCompile Include="..\..\..\..\libclamav\c++\llvm\lib\Support\ManagedStatic.cpp">
      <Filter>Source Files</Filter>
    </ClCompile>
    <ClCompile Include="..\..\..\..\libclamav\c++\llvm\lib\Target\Mangler.cpp">
      <Filter>Source Files</Filter>
    </ClCompile>
    <ClCompile Include="..\..\..\..\libclamav\c++\llvm\lib\MC\MCAsmInfo.cpp">
      <Filter>Source Files</Filter>
    </ClCompile>
    <ClCompile Include="..\..\..\..\libclamav\c++\llvm\lib\MC\MCAsmInfoCOFF.cpp">
      <Filter>Source Files</Filter>
    </ClCompile>
    <ClCompile Include="..\..\..\..\libclamav\c++\llvm\lib\MC\MCAsmInfoDarwin.cpp">
      <Filter>Source Files</Filter>
    </ClCompile>
    <ClCompile Include="..\..\..\..\libclamav\c++\llvm\lib\MC\MCAsmStreamer.cpp">
      <Filter>Source Files</Filter>
    </ClCompile>
    <ClCompile Include="..\..\..\..\libclamav\c++\llvm\lib\MC\MCAssembler.cpp">
      <Filter>Source Files</Filter>
    </ClCompile>
    <ClCompile Include="..\..\..\..\libclamav\c++\llvm\lib\MC\MCCodeEmitter.cpp">
      <Filter>Source Files</Filter>
    </ClCompile>
    <ClCompile Include="..\..\..\..\libclamav\c++\llvm\lib\MC\MCContext.cpp">
      <Filter>Source Files</Filter>
    </ClCompile>
    <ClCompile Include="..\..\..\..\libclamav\c++\llvm\lib\MC\MCELFStreamer.cpp">
      <Filter>Source Files</Filter>
    </ClCompile>
    <ClCompile Include="..\..\..\..\libclamav\c++\llvm\lib\MC\MCExpr.cpp">
      <Filter>Source Files</Filter>
    </ClCompile>
    <ClCompile Include="..\..\..\..\libclamav\c++\llvm\lib\MC\MCInst.cpp">
      <Filter>Source Files</Filter>
    </ClCompile>
    <ClCompile Include="..\..\..\..\libclamav\c++\llvm\lib\MC\MCInstPrinter.cpp">
      <Filter>Source Files</Filter>
    </ClCompile>
    <ClCompile Include="..\..\..\..\libclamav\c++\llvm\lib\MC\MCLoggingStreamer.cpp">
      <Filter>Source Files</Filter>
    </ClCompile>
    <ClCompile Include="..\..\..\..\libclamav\c++\llvm\lib\MC\MCMachOStreamer.cpp">
      <Filter>Source Files</Filter>
    </ClCompile>
    <ClCompile Include="..\..\..\..\libclamav\c++\llvm\lib\MC\MCNullStreamer.cpp">
      <Filter>Source Files</Filter>
    </ClCompile>
    <ClCompile Include="..\..\..\..\libclamav\c++\llvm\lib\MC\MCObjectStreamer.cpp">
      <Filter>Source Files</Filter>
    </ClCompile>
    <ClCompile Include="..\..\..\..\libclamav\c++\llvm\lib\MC\MCObjectWriter.cpp">
      <Filter>Source Files</Filter>
    </ClCompile>
    <ClCompile Include="..\..\..\..\libclamav\c++\llvm\lib\MC\MCSection.cpp">
      <Filter>Source Files</Filter>
    </ClCompile>
    <ClCompile Include="..\..\..\..\libclamav\c++\llvm\lib\MC\MCSectionCOFF.cpp">
      <Filter>Source Files</Filter>
    </ClCompile>
    <ClCompile Include="..\..\..\..\libclamav\c++\llvm\lib\MC\MCSectionELF.cpp">
      <Filter>Source Files</Filter>
    </ClCompile>
    <ClCompile Include="..\..\..\..\libclamav\c++\llvm\lib\MC\MCSectionMachO.cpp">
      <Filter>Source Files</Filter>
    </ClCompile>
    <ClCompile Include="..\..\..\..\libclamav\c++\llvm\lib\MC\MCStreamer.cpp">
      <Filter>Source Files</Filter>
    </ClCompile>
    <ClCompile Include="..\..\..\..\libclamav\c++\llvm\lib\MC\MCSymbol.cpp">
      <Filter>Source Files</Filter>
    </ClCompile>
    <ClCompile Include="..\..\..\..\libclamav\c++\llvm\lib\Transforms\Utils\Mem2Reg.cpp">
      <Filter>Source Files</Filter>
    </ClCompile>
    <ClCompile Include="..\..\..\..\libclamav\c++\llvm\lib\System\Memory.cpp">
      <Filter>Source Files</Filter>
    </ClCompile>
    <ClCompile Include="..\..\..\..\libclamav\c++\llvm\lib\Support\MemoryBuffer.cpp">
      <Filter>Source Files</Filter>
    </ClCompile>
    <ClCompile Include="..\..\..\..\libclamav\c++\llvm\lib\Analysis\MemoryBuiltins.cpp">
      <Filter>Source Files</Filter>
    </ClCompile>
    <ClCompile Include="..\..\..\..\libclamav\c++\llvm\lib\Analysis\MemoryDependenceAnalysis.cpp">
      <Filter>Source Files</Filter>
    </ClCompile>
    <ClCompile Include="..\..\..\..\libclamav\c++\llvm\lib\VMCore\Metadata.cpp">
      <Filter>Source Files</Filter>
    </ClCompile>
    <ClCompile Include="..\..\..\..\libclamav\c++\llvm\lib\VMCore\Module.cpp">
      <Filter>Source Files</Filter>
    </ClCompile>
    <ClCompile Include="..\..\..\..\libclamav\c++\llvm\lib\System\Mutex.cpp">
      <Filter>Source Files</Filter>
    </ClCompile>
    <ClCompile Include="..\..\..\..\libclamav\c++\llvm\lib\CodeGen\ObjectCodeEmitter.cpp">
      <Filter>Source Files</Filter>
    </ClCompile>
    <ClCompile Include="..\..\..\..\libclamav\c++\llvm\lib\ExecutionEngine\JIT\OProfileJITEventListener.cpp">
      <Filter>Source Files</Filter>
    </ClCompile>
    <ClCompile Include="..\..\..\..\libclamav\c++\llvm\lib\CodeGen\OptimizePHIs.cpp">
      <Filter>Source Files</Filter>
    </ClCompile>
    <ClCompile Include="..\..\..\..\libclamav\c++\llvm\lib\VMCore\Pass.cpp">
      <Filter>Source Files</Filter>
    </ClCompile>
    <ClCompile Include="..\..\..\..\libclamav\c++\llvm\lib\CodeGen\Passes.cpp">
      <Filter>Source Files</Filter>
    </ClCompile>
    <ClCompile Include="..\..\..\..\libclamav\c++\llvm\lib\VMCore\PassManager.cpp">
      <Filter>Source Files</Filter>
    </ClCompile>
    <ClCompile Include="..\..\..\..\libclamav\c++\llvm\lib\VMCore\PassRegistry.cpp">
      <Filter>Source Files</Filter>
    </ClCompile>
    <ClCompile Include="..\..\..\..\libclamav\c++\llvm\lib\System\Path.cpp">
      <Filter>Source Files</Filter>
    </ClCompile>
    <ClCompile Include="..\..\..\..\libclamav\c++\llvm\lib\CodeGen\PeepholeOptimizer.cpp">
      <Filter>Source Files</Filter>
    </ClCompile>
    <ClCompile Include="..\..\..\..\libclamav\c++\llvm\lib\CodeGen\PHIElimination.cpp">
      <Filter>Source Files</Filter>
    </ClCompile>
    <ClCompile Include="..\..\..\..\libclamav\c++\llvm\lib\Analysis\PHITransAddr.cpp">
      <Filter>Source Files</Filter>
    </ClCompile>
    <ClCompile Include="..\..\..\..\libclamav\c++\llvm\lib\Analysis\PointerTracking.cpp">
      <Filter>Source Files</Filter>
    </ClCompile>
    <ClCompile Include="..\..\..\..\libclamav\c++\llvm\lib\CodeGen\PostRAHazardRecognizer.cpp">
      <Filter>Source Files</Filter>
    </ClCompile>
    <ClCompile Include="..\..\..\..\libclamav\c++\llvm\lib\CodeGen\PostRASchedulerList.cpp">
      <Filter>Source Files</Filter>
    </ClCompile>
    <ClCompile Include="..\..\..\..\libclamav\c++\llvm\lib\CodeGen\PreAllocSplitting.cpp">
      <Filter>Source Files</Filter>
    </ClCompile>
    <ClCompile Include="..\..\..\..\libclamav\c++\llvm\lib\Support\PrettyStackTrace.cpp">
      <Filter>Source Files</Filter>
    </ClCompile>
    <ClCompile Include="..\..\..\..\libclamav\c++\llvm\lib\VMCore\PrintModulePass.cpp">
      <Filter>Source Files</Filter>
    </ClCompile>
    <ClCompile Include="..\..\..\..\libclamav\c++\llvm\lib\System\Process.cpp">
      <Filter>Source Files</Filter>
    </ClCompile>
    <ClCompile Include="..\..\..\..\libclamav\c++\llvm\lib\CodeGen\ProcessImplicitDefs.cpp">
      <Filter>Source Files</Filter>
    </ClCompile>
    <ClCompile Include="..\..\..\..\libclamav\c++\llvm\lib\Analysis\ProfileInfo.cpp">
      <Filter>Source Files</Filter>
    </ClCompile>
    <ClCompile Include="..\..\..\..\libclamav\c++\llvm\lib\System\Program.cpp">
      <Filter>Source Files</Filter>
    </ClCompile>
    <ClCompile Include="..\..\..\..\libclamav\c++\llvm\lib\CodeGen\PrologEpilogInserter.cpp">
      <Filter>Source Files</Filter>
    </ClCompile>
    <ClCompile Include="..\..\..\..\libclamav\c++\llvm\lib\Transforms\Utils\PromoteMemoryToRegister.cpp">
      <Filter>Source Files</Filter>
    </ClCompile>
    <ClCompile Include="..\..\..\..\libclamav\c++\llvm\lib\CodeGen\PseudoSourceValue.cpp">
      <Filter>Source Files</Filter>
    </ClCompile>
    <ClCompile Include="..\..\..\..\libclamav\c++\llvm\lib\Support\raw_ostream.cpp">
      <Filter>Source Files</Filter>
    </ClCompile>
    <ClCompile Include="..\..\..\..\libclamav\c++\llvm\lib\CodeGen\RegAllocFast.cpp">
      <Filter>Source Files</Filter>
    </ClCompile>
    <ClCompile Include="..\..\..\..\libclamav\c++\llvm\lib\CodeGen\RegAllocLinearScan.cpp">
      <Filter>Source Files</Filter>
    </ClCompile>
    <ClCompile Include="..\..\..\..\libclamav\c++\llvm\lib\CodeGen\RegisterCoalescer.cpp">
      <Filter>Source Files</Filter>
    </ClCompile>
    <ClCompile Include="..\..\..\..\libclamav\c++\llvm\lib\CodeGen\RegisterScavenging.cpp">
      <Filter>Source Files</Filter>
    </ClCompile>
    <ClCompile Include="..\..\..\..\libclamav\c++\llvm\lib\System\RWMutex.cpp">
      <Filter>Source Files</Filter>
    </ClCompile>
    <ClCompile Include="..\..\..\..\libclamav\c++\llvm\lib\Analysis\ScalarEvolution.cpp">
      <Filter>Source Files</Filter>
    </ClCompile>
    <ClCompile Include="..\..\..\..\libclamav\c++\llvm\lib\Analysis\ScalarEvolutionExpander.cpp">
      <Filter>Source Files</Filter>
    </ClCompile>
    <ClCompile Include="..\..\..\..\libclamav\c++\llvm\lib\Analysis\ScalarEvolutionNormalization.cpp">
      <Filter>Source Files</Filter>
    </ClCompile>
    <ClCompile Include="..\..\..\..\libclamav\c++\llvm\lib\Transforms\Scalar\SCCP.cpp">
      <Filter>Source Files</Filter>
    </ClCompile>
    <ClCompile Include="..\..\..\..\libclamav\c++\llvm\lib\CodeGen\ScheduleDAG.cpp">
      <Filter>Source Files</Filter>
    </ClCompile>
    <ClCompile Include="..\..\..\..\libclamav\c++\llvm\lib\CodeGen\ScheduleDAGEmit.cpp">
      <Filter>Source Files</Filter>
    </ClCompile>
    <ClCompile Include="..\..\..\..\libclamav\c++\llvm\lib\CodeGen\ScheduleDAGInstrs.cpp">
      <Filter>Source Files</Filter>
    </ClCompile>
    <ClCompile Include="..\..\..\..\libclamav\c++\llvm\lib\CodeGen\SelectionDAG\ScheduleDAGList.cpp">
      <Filter>Source Files</Filter>
    </ClCompile>
    <ClCompile Include="..\..\..\..\libclamav\c++\llvm\lib\CodeGen\ScheduleDAGPrinter.cpp">
      <Filter>Source Files</Filter>
    </ClCompile>
    <ClCompile Include="..\..\..\..\libclamav\c++\llvm\lib\CodeGen\SelectionDAG\ScheduleDAGRRList.cpp">
      <Filter>Source Files</Filter>
    </ClCompile>
    <ClCompile Include="..\..\..\..\libclamav\c++\llvm\lib\CodeGen\SelectionDAG\ScheduleDAGSDNodes.cpp">
      <Filter>Source Files</Filter>
    </ClCompile>
    <ClCompile Include="..\..\..\..\libclamav\c++\llvm\lib\CodeGen\SelectionDAG\SelectionDAG.cpp">
      <Filter>Source Files</Filter>
    </ClCompile>
    <ClCompile Include="..\..\..\..\libclamav\c++\llvm\lib\CodeGen\SelectionDAG\SelectionDAGBuilder.cpp">
      <Filter>Source Files</Filter>
    </ClCompile>
    <ClCompile Include="..\..\..\..\libclamav\c++\llvm\lib\CodeGen\SelectionDAG\SelectionDAGISel.cpp">
      <Filter>Source Files</Filter>
    </ClCompile>
    <ClCompile Include="..\..\..\..\libclamav\c++\llvm\lib\CodeGen\SelectionDAG\SelectionDAGPrinter.cpp">
      <Filter>Source Files</Filter>
    </ClCompile>
    <ClCompile Include="..\..\..\..\libclamav\c++\llvm\lib\CodeGen\ShrinkWrapping.cpp">
      <Filter>Source Files</Filter>
    </ClCompile>
    <ClCompile Include="..\..\..\..\libclamav\c++\llvm\lib\System\Signals.cpp">
      <Filter>Source Files</Filter>
    </ClCompile>
    <ClCompile Include="..\..\..\..\libclamav\c++\llvm\lib\CodeGen\SimpleRegisterCoalescing.cpp">
      <Filter>Source Files</Filter>
    </ClCompile>
    <ClCompile Include="..\..\..\..\libclamav\c++\llvm\lib\Transforms\Utils\SimplifyCFG.cpp">
      <Filter>Source Files</Filter>
    </ClCompile>
    <ClCompile Include="..\..\..\..\libclamav\c++\llvm\lib\Transforms\Scalar\SimplifyCFGPass.cpp">
      <Filter>Source Files</Filter>
    </ClCompile>
    <ClCompile Include="..\..\..\..\libclamav\c++\llvm\lib\CodeGen\SjLjEHPrepare.cpp">
      <Filter>Source Files</Filter>
    </ClCompile>
    <ClCompile Include="..\..\..\..\libclamav\c++\llvm\lib\CodeGen\SlotIndexes.cpp">
      <Filter>Source Files</Filter>
    </ClCompile>
    <ClCompile Include="..\..\..\..\libclamav\c++\llvm\lib\Support\SmallPtrSet.cpp">
      <Filter>Source Files</Filter>
    </ClCompile>
    <ClCompile Include="..\..\..\..\libclamav\c++\llvm\lib\Support\SmallVector.cpp">
      <Filter>Source Files</Filter>
    </ClCompile>
    <ClCompile Include="..\..\..\..\libclamav\c++\llvm\lib\Support\SourceMgr.cpp">
      <Filter>Source Files</Filter>
    </ClCompile>
    <ClCompile Include="..\..\..\..\libclamav\c++\llvm\lib\CodeGen\Spiller.cpp">
      <Filter>Source Files</Filter>
    </ClCompile>
    <ClCompile Include="..\..\..\..\libclamav\c++\llvm\lib\CodeGen\SplitKit.cpp">
      <Filter>Source Files</Filter>
    </ClCompile>
    <ClCompile Include="..\..\..\..\libclamav\c++\llvm\lib\Transforms\Utils\SSAUpdater.cpp">
      <Filter>Source Files</Filter>
    </ClCompile>
    <ClCompile Include="..\..\..\..\libclamav\c++\llvm\lib\Target\X86\SSEDomainFix.cpp">
      <Filter>Source Files</Filter>
    </ClCompile>
    <ClCompile Include="..\..\..\..\libclamav\c++\llvm\lib\CodeGen\StackProtector.cpp">
      <Filter>Source Files</Filter>
    </ClCompile>
    <ClCompile Include="..\..\..\..\libclamav\c++\llvm\lib\CodeGen\StackSlotColoring.cpp">
      <Filter>Source Files</Filter>
    </ClCompile>
    <ClCompile Include="..\..\..\..\libclamav\c++\llvm\lib\Support\Statistic.cpp">
      <Filter>Source Files</Filter>
    </ClCompile>
    <ClCompile Include="..\..\..\..\libclamav\c++\llvm\lib\Support\StringExtras.cpp">
      <Filter>Source Files</Filter>
    </ClCompile>
    <ClCompile Include="..\..\..\..\libclamav\c++\llvm\lib\Support\StringMap.cpp">
      <Filter>Source Files</Filter>
    </ClCompile>
    <ClCompile Include="..\..\..\..\libclamav\c++\llvm\lib\Support\StringPool.cpp">
      <Filter>Source Files</Filter>
    </ClCompile>
    <ClCompile Include="..\..\..\..\libclamav\c++\llvm\lib\Support\StringRef.cpp">
      <Filter>Source Files</Filter>
    </ClCompile>
    <ClCompile Include="..\..\..\..\libclamav\c++\llvm\lib\CodeGen\StrongPHIElimination.cpp">
      <Filter>Source Files</Filter>
    </ClCompile>
    <ClCompile Include="..\..\..\..\libclamav\c++\llvm\lib\Target\SubtargetFeature.cpp">
      <Filter>Source Files</Filter>
    </ClCompile>
    <ClCompile Include="..\..\..\..\libclamav\c++\llvm\lib\CodeGen\TailDuplication.cpp">
      <Filter>Source Files</Filter>
    </ClCompile>
    <ClCompile Include="..\..\..\..\libclamav\c++\llvm\lib\MC\TargetAsmBackend.cpp">
      <Filter>Source Files</Filter>
    </ClCompile>
    <ClCompile Include="..\..\..\..\libclamav\c++\llvm\lib\Target\TargetData.cpp">
      <Filter>Source Files</Filter>
    </ClCompile>
    <ClCompile Include="..\..\..\..\libclamav\c++\llvm\lib\Target\TargetELFWriterInfo.cpp">
      <Filter>Source Files</Filter>
    </ClCompile>
    <ClCompile Include="..\..\..\..\libclamav\c++\llvm\lib\Target\TargetFrameInfo.cpp">
      <Filter>Source Files</Filter>
    </ClCompile>
    <ClCompile Include="..\..\..\..\libclamav\c++\llvm\lib\Target\TargetInstrInfo.cpp">
      <Filter>Source Files</Filter>
    </ClCompile>
    <ClCompile Include="..\..\..\..\libclamav\c++\llvm\lib\CodeGen\TargetInstrInfoImpl.cpp">
      <Filter>Source Files</Filter>
    </ClCompile>
    <ClCompile Include="..\..\..\..\libclamav\c++\llvm\lib\CodeGen\SelectionDAG\TargetLowering.cpp">
      <Filter>Source Files</Filter>
    </ClCompile>
    <ClCompile Include="..\..\..\..\libclamav\c++\llvm\lib\Target\TargetLoweringObjectFile.cpp">
      <Filter>Source Files</Filter>
    </ClCompile>
    <ClCompile Include="..\..\..\..\libclamav\c++\llvm\lib\CodeGen\TargetLoweringObjectFileImpl.cpp">
      <Filter>Source Files</Filter>
    </ClCompile>
    <ClCompile Include="..\..\..\..\libclamav\c++\llvm\lib\Target\TargetMachine.cpp">
      <Filter>Source Files</Filter>
    </ClCompile>
    <ClCompile Include="..\..\..\..\libclamav\c++\llvm\lib\Target\TargetRegisterInfo.cpp">
      <Filter>Source Files</Filter>
    </ClCompile>
    <ClCompile Include="..\..\..\..\libclamav\c++\llvm\lib\Support\TargetRegistry.cpp">
      <Filter>Source Files</Filter>
    </ClCompile>
    <ClCompile Include="..\..\..\..\libclamav\c++\llvm\lib\ExecutionEngine\JIT\TargetSelect.cpp">
      <Filter>Source Files</Filter>
    </ClCompile>
    <ClCompile Include="..\..\..\..\libclamav\c++\llvm\lib\CodeGen\SelectionDAG\TargetSelectionDAGInfo.cpp">
      <Filter>Source Files</Filter>
    </ClCompile>
    <ClCompile Include="..\..\..\..\libclamav\c++\llvm\lib\Target\TargetSubtarget.cpp">
      <Filter>Source Files</Filter>
    </ClCompile>
    <ClCompile Include="..\..\..\..\libclamav\c++\llvm\lib\System\Threading.cpp">
      <Filter>Source Files</Filter>
    </ClCompile>
    <ClCompile Include="..\..\..\..\libclamav\c++\llvm\lib\System\ThreadLocal.cpp">
      <Filter>Source Files</Filter>
    </ClCompile>
    <ClCompile Include="..\..\..\..\libclamav\c++\llvm\lib\Support\Timer.cpp">
      <Filter>Source Files</Filter>
    </ClCompile>
    <ClCompile Include="..\..\..\..\libclamav\c++\llvm\lib\System\TimeValue.cpp">
      <Filter>Source Files</Filter>
    </ClCompile>
    <ClCompile Include="..\..\..\..\libclamav\c++\llvm\lib\Support\Triple.cpp">
      <Filter>Source Files</Filter>
    </ClCompile>
    <ClCompile Include="..\..\..\..\libclamav\c++\llvm\lib\Support\Twine.cpp">
      <Filter>Source Files</Filter>
    </ClCompile>
    <ClCompile Include="..\..\..\..\libclamav\c++\llvm\lib\CodeGen\TwoAddressInstructionPass.cpp">
      <Filter>Source Files</Filter>
    </ClCompile>
    <ClCompile Include="..\..\..\..\libclamav\c++\llvm\lib\VMCore\Type.cpp">
      <Filter>Source Files</Filter>
    </ClCompile>
    <ClCompile Include="..\..\..\..\libclamav\c++\llvm\lib\VMCore\TypeSymbolTable.cpp">
      <Filter>Source Files</Filter>
    </ClCompile>
    <ClCompile Include="..\..\..\..\libclamav\c++\llvm\lib\Transforms\Utils\UnifyFunctionExitNodes.cpp">
      <Filter>Source Files</Filter>
    </ClCompile>
    <ClCompile Include="..\..\..\..\libclamav\c++\llvm\lib\CodeGen\UnreachableBlockElim.cpp">
      <Filter>Source Files</Filter>
    </ClCompile>
    <ClCompile Include="..\..\..\..\libclamav\c++\llvm\lib\VMCore\Use.cpp">
      <Filter>Source Files</Filter>
    </ClCompile>
    <ClCompile Include="..\..\..\..\libclamav\c++\llvm\lib\System\Valgrind.cpp">
      <Filter>Source Files</Filter>
    </ClCompile>
    <ClCompile Include="..\..\..\..\libclamav\c++\llvm\lib\VMCore\Value.cpp">
      <Filter>Source Files</Filter>
    </ClCompile>
    <ClCompile Include="..\..\..\..\libclamav\c++\llvm\lib\VMCore\ValueSymbolTable.cpp">
      <Filter>Source Files</Filter>
    </ClCompile>
    <ClCompile Include="..\..\..\..\libclamav\c++\llvm\lib\Analysis\ValueTracking.cpp">
      <Filter>Source Files</Filter>
    </ClCompile>
    <ClCompile Include="..\..\..\..\libclamav\c++\llvm\lib\VMCore\ValueTypes.cpp">
      <Filter>Source Files</Filter>
    </ClCompile>
    <ClCompile Include="..\..\..\..\libclamav\c++\llvm\lib\VMCore\Verifier.cpp">
      <Filter>Source Files</Filter>
    </ClCompile>
    <ClCompile Include="..\..\..\..\libclamav\c++\llvm\lib\CodeGen\VirtRegMap.cpp">
      <Filter>Source Files</Filter>
    </ClCompile>
    <ClCompile Include="..\..\..\..\libclamav\c++\llvm\lib\CodeGen\VirtRegRewriter.cpp">
      <Filter>Source Files</Filter>
    </ClCompile>
    <ClCompile Include="..\..\..\..\libclamav\c++\llvm\lib\MC\WinCOFFObjectWriter.cpp">
      <Filter>Source Files</Filter>
    </ClCompile>
    <ClCompile Include="..\..\..\..\libclamav\c++\llvm\lib\MC\WinCOFFStreamer.cpp">
      <Filter>Source Files</Filter>
    </ClCompile>
    <ClCompile Include="..\..\..\..\libclamav\c++\llvm\lib\Target\X86\X86AsmBackend.cpp">
      <Filter>Source Files</Filter>
    </ClCompile>
    <ClCompile Include="..\..\..\..\libclamav\c++\llvm\lib\Target\X86\X86CodeEmitter.cpp">
      <Filter>Source Files</Filter>
    </ClCompile>
    <ClCompile Include="..\..\..\..\libclamav\c++\llvm\lib\Target\X86\X86COFFMachineModuleInfo.cpp">
      <Filter>Source Files</Filter>
    </ClCompile>
    <ClCompile Include="..\..\..\..\libclamav\c++\llvm\lib\Target\X86\X86ELFWriterInfo.cpp">
      <Filter>Source Files</Filter>
    </ClCompile>
    <ClCompile Include="..\..\..\..\libclamav\c++\llvm\lib\Target\X86\X86FastISel.cpp">
      <Filter>Source Files</Filter>
    </ClCompile>
    <ClCompile Include="..\..\..\..\libclamav\c++\llvm\lib\Target\X86\X86FloatingPoint.cpp">
      <Filter>Source Files</Filter>
    </ClCompile>
    <ClCompile Include="..\..\..\..\libclamav\c++\llvm\lib\Target\X86\X86InstrInfo.cpp">
      <Filter>Source Files</Filter>
    </ClCompile>
    <ClCompile Include="..\..\..\..\libclamav\c++\llvm\lib\Target\X86\X86ISelDAGToDAG.cpp">
      <Filter>Source Files</Filter>
    </ClCompile>
    <ClCompile Include="..\..\..\..\libclamav\c++\llvm\lib\Target\X86\X86ISelLowering.cpp">
      <Filter>Source Files</Filter>
    </ClCompile>
    <ClCompile Include="..\..\..\..\libclamav\c++\llvm\lib\Target\X86\X86JITInfo.cpp">
      <Filter>Source Files</Filter>
    </ClCompile>
    <ClCompile Include="..\..\..\..\libclamav\c++\llvm\lib\Target\X86\X86MCAsmInfo.cpp">
      <Filter>Source Files</Filter>
    </ClCompile>
    <ClCompile Include="..\..\..\..\libclamav\c++\llvm\lib\Target\X86\X86MCCodeEmitter.cpp">
      <Filter>Source Files</Filter>
    </ClCompile>
    <ClCompile Include="..\..\..\..\libclamav\c++\llvm\lib\Target\X86\X86RegisterInfo.cpp">
      <Filter>Source Files</Filter>
    </ClCompile>
    <ClCompile Include="..\..\..\..\libclamav\c++\llvm\lib\Target\X86\X86SelectionDAGInfo.cpp">
      <Filter>Source Files</Filter>
    </ClCompile>
    <ClCompile Include="..\..\..\..\libclamav\c++\llvm\lib\Target\X86\X86Subtarget.cpp">
      <Filter>Source Files</Filter>
    </ClCompile>
    <ClCompile Include="..\..\..\..\libclamav\c++\llvm\lib\Target\X86\TargetInfo\X86TargetInfo.cpp">
      <Filter>Source Files</Filter>
    </ClCompile>
    <ClCompile Include="..\..\..\..\libclamav\c++\llvm\lib\Target\X86\X86TargetMachine.cpp">
      <Filter>Source Files</Filter>
    </ClCompile>
    <ClCompile Include="..\..\..\..\libclamav\c++\llvm\lib\Target\X86\X86TargetObjectFile.cpp">
      <Filter>Source Files</Filter>
    </ClCompile>
  </ItemGroup>
  <ItemGroup>
    <MASM_64 Include="..\..\..\..\libclamav\c++\llvm\lib\Target\X86\X86CompilationCallback_Win64.asm">
      <Filter>Asm</Filter>
    </MASM_64>
  </ItemGroup>
</Project>