<?xml version="1.0" encoding="utf-8"?>
<Project ToolsVersion="4.0" xmlns="http://schemas.microsoft.com/developer/msbuild/2003">
  <ItemGroup>
    <Filter Include="Source Files">
      <UniqueIdentifier>{4FC737F1-C7A5-4376-A066-2A32D752A2FF}</UniqueIdentifier>
      <Extensions>cpp;c;cc;cxx;def;odl;idl;hpj;bat;asm;asmx</Extensions>
    </Filter>
    <Filter Include="Source Files\regex">
      <UniqueIdentifier>{606ff67f-1aea-4543-b962-d4eeef817070}</UniqueIdentifier>
    </Filter>
    <Filter Include="Source Files\7z">
      <UniqueIdentifier>{b7949ba4-bb6c-4310-9425-bb58e49710c6}</UniqueIdentifier>
    </Filter>
    <Filter Include="Source Files\nsis">
      <UniqueIdentifier>{6d8731cf-21d4-4900-af56-accba66075a4}</UniqueIdentifier>
    </Filter>
    <Filter Include="Source Files\jsparse">
      <UniqueIdentifier>{9befedc2-e870-488a-8e67-b57d1f54394a}</UniqueIdentifier>
    </Filter>
    <Filter Include="Source Files\tomsfastmath">
      <UniqueIdentifier>{16019b15-06ea-4b82-82b7-41968cc23a0f}</UniqueIdentifier>
    </Filter>
    <Filter Include="Header Files">
      <UniqueIdentifier>{93995380-89BD-4b04-88EB-625FBE52EBFB}</UniqueIdentifier>
      <Extensions>h;hpp;hxx;hm;inl;inc;xsd</Extensions>
    </Filter>
    <Filter Include="Resource Files">
      <UniqueIdentifier>{67DA6AB6-F800-4c08-8B7A-83BB121AAD01}</UniqueIdentifier>
      <Extensions>rc;ico;cur;bmp;dlg;rc2;rct;bin;rgs;gif;jpg;jpeg;jpe;resx;tiff;tif;png;wav</Extensions>
    </Filter>
    <Filter Include="Win32 Files">
      <UniqueIdentifier>{f63eaa37-4a03-44e5-ba8d-dddb0238a675}</UniqueIdentifier>
    </Filter>
    <Filter Include="Win32 Files\Header Files">
      <UniqueIdentifier>{0e364e78-81c3-4245-8fc6-b375fe34834b}</UniqueIdentifier>
    </Filter>
    <Filter Include="Win32 Files\Header Files\openssl">
      <UniqueIdentifier>{82665806-7a8e-4968-a024-365096fe8112}</UniqueIdentifier>
    </Filter>
    <Filter Include="Win32 Files\Source Files">
      <UniqueIdentifier>{a4bd30e1-c007-445c-bf0a-21c1b6c99019}</UniqueIdentifier>
    </Filter>
    <Filter Include="Win32 Files\gnulib">
      <UniqueIdentifier>{fc1d18e9-058a-413d-9691-a193489836fc}</UniqueIdentifier>
    </Filter>
    <Filter Include="Win32 Files\zlib">
      <UniqueIdentifier>{87a72ae5-8c9b-4818-a10e-9684d7f9f87c}</UniqueIdentifier>
    </Filter>
    <Filter Include="Win32 Files\bzip2">
      <UniqueIdentifier>{d99ff4d6-da12-46d8-9819-10e27075d761}</UniqueIdentifier>
    </Filter>
    <Filter Include="Win32 Files\json-c">
      <UniqueIdentifier>{7bd3c089-37cb-4257-adb8-a0d1b0baac25}</UniqueIdentifier>
    </Filter>
  </ItemGroup>
  <ItemGroup>
    <ClCompile Include="..\..\..\..\libclamav\7z_iface.c">
      <Filter>Source Files</Filter>
    </ClCompile>
    <ClCompile Include="..\..\..\..\libclamav\adc.c">
      <Filter>Source Files</Filter>
    </ClCompile>
    <ClCompile Include="..\..\..\..\libclamav\apm.c">
      <Filter>Source Files</Filter>
    </ClCompile>
    <ClCompile Include="..\..\..\..\libclamav\arc4.c">
      <Filter>Source Files</Filter>
    </ClCompile>
    <ClCompile Include="..\..\..\..\libclamav\asn1.c">
      <Filter>Source Files</Filter>
    </ClCompile>
    <ClCompile Include="..\..\..\..\libclamav\aspack.c">
      <Filter>Source Files</Filter>
    </ClCompile>
    <ClCompile Include="..\..\..\..\libclamav\autoit.c">
      <Filter>Source Files</Filter>
    </ClCompile>
    <ClCompile Include="..\..\..\..\libclamav\binhex.c">
      <Filter>Source Files</Filter>
    </ClCompile>
    <ClCompile Include="..\..\..\..\libclamav\blob.c">
      <Filter>Source Files</Filter>
    </ClCompile>
    <ClCompile Include="..\..\..\..\libclamav\bytecode.c">
      <Filter>Source Files</Filter>
    </ClCompile>
    <ClCompile Include="..\..\..\..\libclamav\bytecode_api.c">
      <Filter>Source Files</Filter>
    </ClCompile>
    <ClCompile Include="..\..\..\..\libclamav\bytecode_api_decl.c">
      <Filter>Source Files</Filter>
    </ClCompile>
    <ClCompile Include="..\..\..\..\libclamav\bytecode_detect.c">
      <Filter>Source Files</Filter>
    </ClCompile>
    <ClCompile Include="..\..\..\..\libclamav\bytecode_vm.c">
      <Filter>Source Files</Filter>
    </ClCompile>
    <ClCompile Include="..\..\..\..\libclamav\cab.c">
      <Filter>Source Files</Filter>
    </ClCompile>
    <ClCompile Include="..\..\..\..\libclamav\cache.c">
      <Filter>Source Files</Filter>
    </ClCompile>
    <ClCompile Include="..\..\..\..\libclamav\chmunpack.c">
      <Filter>Source Files</Filter>
    </ClCompile>
    <ClCompile Include="..\..\..\..\libclamav\conv.c">
      <Filter>Source Files</Filter>
    </ClCompile>
    <ClCompile Include="..\..\..\..\libclamav\cpio.c">
      <Filter>Source Files</Filter>
    </ClCompile>
    <ClCompile Include="..\..\..\..\libclamav\crtmgr.c">
      <Filter>Source Files</Filter>
    </ClCompile>
    <ClCompile Include="..\..\..\..\libclamav\crypto.c">
      <Filter>Source Files</Filter>
    </ClCompile>
    <ClCompile Include="..\..\..\..\libclamav\cvd.c">
      <Filter>Source Files</Filter>
    </ClCompile>
    <ClCompile Include="..\..\..\..\libclamav\dconf.c">
      <Filter>Source Files</Filter>
    </ClCompile>
    <ClCompile Include="..\..\..\..\libclamav\disasm.c">
      <Filter>Source Files</Filter>
    </ClCompile>
    <ClCompile Include="..\..\..\..\libclamav\dlp.c">
      <Filter>Source Files</Filter>
    </ClCompile>
    <ClCompile Include="..\..\..\..\libclamav\dmg.c">
      <Filter>Source Files</Filter>
    </ClCompile>
    <ClCompile Include="..\..\..\..\libclamav\dsig.c">
      <Filter>Source Files</Filter>
    </ClCompile>
    <ClCompile Include="..\..\..\..\libclamav\elf.c">
      <Filter>Source Files</Filter>
    </ClCompile>
    <ClCompile Include="..\..\..\..\libclamav\entconv.c">
      <Filter>Source Files</Filter>
    </ClCompile>
    <ClCompile Include="..\..\..\..\libclamav\events.c">
      <Filter>Source Files</Filter>
    </ClCompile>
    <ClCompile Include="..\..\..\..\libclamav\explode.c">
      <Filter>Source Files</Filter>
    </ClCompile>
    <ClCompile Include="..\..\..\..\libclamav\filetypes.c">
      <Filter>Source Files</Filter>
    </ClCompile>
    <ClCompile Include="..\..\..\..\libclamav\filtering.c">
      <Filter>Source Files</Filter>
    </ClCompile>
    <ClCompile Include="..\..\..\..\libclamav\fmap.c">
      <Filter>Source Files</Filter>
    </ClCompile>
    <ClCompile Include="..\..\..\..\libclamav\fpu.c">
      <Filter>Source Files</Filter>
    </ClCompile>
    <ClCompile Include="..\..\..\..\libclamav\fsg.c">
      <Filter>Source Files</Filter>
    </ClCompile>
    <ClCompile Include="..\..\..\..\libclamav\gpt.c">
      <Filter>Source Files</Filter>
    </ClCompile>
    <ClCompile Include="..\..\..\..\libclamav\hashtab.c">
      <Filter>Source Files</Filter>
    </ClCompile>
    <ClCompile Include="..\..\..\..\libclamav\hfsplus.c">
      <Filter>Source Files</Filter>
    </ClCompile>
    <ClCompile Include="..\..\..\..\libclamav\hostid.c">
      <Filter>Source Files</Filter>
    </ClCompile>
    <ClCompile Include="..\..\..\..\libclamav\htmlnorm.c">
      <Filter>Source Files</Filter>
    </ClCompile>
    <ClCompile Include="..\..\..\..\libclamav\inflate64.c">
      <Filter>Source Files</Filter>
    </ClCompile>
    <ClCompile Include="..\..\..\..\libclamav\iowrap.c">
      <Filter>Source Files</Filter>
    </ClCompile>
    <ClCompile Include="..\..\..\..\libclamav\is_tar.c">
      <Filter>Source Files</Filter>
    </ClCompile>
    <ClCompile Include="..\..\..\..\libclamav\ishield.c">
      <Filter>Source Files</Filter>
    </ClCompile>
    <ClCompile Include="..\..\..\..\libclamav\iso9660.c">
      <Filter>Source Files</Filter>
    </ClCompile>
    <ClCompile Include="..\..\..\..\libclamav\jpeg.c">
      <Filter>Source Files</Filter>
    </ClCompile>
    <ClCompile Include="..\..\..\..\libclamav\json_api.c">
      <Filter>Source Files</Filter>
    </ClCompile>
    <ClCompile Include="..\..\..\..\libclamav\line.c">
      <Filter>Source Files</Filter>
    </ClCompile>
    <ClCompile Include="..\..\..\..\libclamav\lzma_iface.c">
      <Filter>Source Files</Filter>
    </ClCompile>
    <ClCompile Include="..\..\..\..\libclamav\macho.c">
      <Filter>Source Files</Filter>
    </ClCompile>
    <ClCompile Include="..\..\..\..\libclamav\matcher-ac.c">
      <Filter>Source Files</Filter>
    </ClCompile>
    <ClCompile Include="..\..\..\..\libclamav\matcher-bm.c">
      <Filter>Source Files</Filter>
    </ClCompile>
    <ClCompile Include="..\..\..\..\libclamav\matcher-hash.c">
      <Filter>Source Files</Filter>
    </ClCompile>
    <ClCompile Include="..\..\..\..\libclamav\matcher.c">
      <Filter>Source Files</Filter>
    </ClCompile>
    <ClCompile Include="..\..\..\..\libclamav\mbox.c">
      <Filter>Source Files</Filter>
    </ClCompile>
    <ClCompile Include="..\..\..\..\libclamav\mbr.c">
      <Filter>Source Files</Filter>
    </ClCompile>
    <ClCompile Include="..\..\..\..\libclamav\message.c">
      <Filter>Source Files</Filter>
    </ClCompile>
    <ClCompile Include="..\..\..\..\libclamav\mew.c">
      <Filter>Source Files</Filter>
    </ClCompile>
    <ClCompile Include="..\..\..\..\libclamav\mpool.c">
      <Filter>Source Files</Filter>
    </ClCompile>
    <ClCompile Include="..\..\..\..\libclamav\msdoc.c">
      <Filter>Source Files</Filter>
    </ClCompile>
    <ClCompile Include="..\..\..\..\libclamav\msexpand.c">
      <Filter>Source Files</Filter>
    </ClCompile>
    <ClCompile Include="..\..\..\..\libclamav\mspack.c">
      <Filter>Source Files</Filter>
    </ClCompile>
    <ClCompile Include="..\..\..\..\libclamav\msxml.c">
      <Filter>Source Files</Filter>
    </ClCompile>
    <ClCompile Include="..\..\..\..\libclamav\ole2_extract.c">
      <Filter>Source Files</Filter>
    </ClCompile>
    <ClCompile Include="..\..\..\..\libclamav\ooxml.c">
      <Filter>Source Files</Filter>
    </ClCompile>
    <ClCompile Include="..\..\..\..\libclamav\openioc.c">
      <Filter>Source Files</Filter>
    </ClCompile>
    <ClCompile Include="..\..\..\..\libclamav\others_common.c">
      <Filter>Source Files</Filter>
    </ClCompile>
    <ClCompile Include="..\..\..\..\libclamav\packlibs.c">
      <Filter>Source Files</Filter>
    </ClCompile>
    <ClCompile Include="..\..\..\..\libclamav\pdf.c">
      <Filter>Source Files</Filter>
    </ClCompile>
    <ClCompile Include="..\..\..\..\libclamav\pdfng.c">
      <Filter>Source Files</Filter>
    </ClCompile>
    <ClCompile Include="..\..\..\..\libclamav\pe.c">
      <Filter>Source Files</Filter>
    </ClCompile>
    <ClCompile Include="..\..\..\..\libclamav\pe_icons.c">
      <Filter>Source Files</Filter>
    </ClCompile>
    <ClCompile Include="..\..\..\..\libclamav\perflogging.c">
      <Filter>Source Files</Filter>
    </ClCompile>
    <ClCompile Include="..\..\..\..\libclamav\petite.c">
      <Filter>Source Files</Filter>
    </ClCompile>
    <ClCompile Include="..\..\..\..\libclamav\phish_domaincheck_db.c">
      <Filter>Source Files</Filter>
    </ClCompile>
    <ClCompile Include="..\..\..\..\libclamav\phish_whitelist.c">
      <Filter>Source Files</Filter>
    </ClCompile>
    <ClCompile Include="..\..\..\..\libclamav\phishcheck.c">
      <Filter>Source Files</Filter>
    </ClCompile>
    <ClCompile Include="..\..\..\..\libclamav\png.c">
      <Filter>Source Files</Filter>
    </ClCompile>
    <ClCompile Include="..\..\..\..\libclamav\prtn_intxn.c">
      <Filter>Source Files</Filter>
    </ClCompile>
    <ClCompile Include="..\..\..\..\libclamav\qsort.c">
      <Filter>Source Files</Filter>
    </ClCompile>
    <ClCompile Include="..\..\..\..\libclamav\readdb.c">
      <Filter>Source Files</Filter>
    </ClCompile>
    <ClCompile Include="..\..\..\..\libclamav\rebuildpe.c">
      <Filter>Source Files</Filter>
    </ClCompile>
    <ClCompile Include="..\..\..\..\libclamav\regex_list.c">
      <Filter>Source Files</Filter>
    </ClCompile>
    <ClCompile Include="..\..\..\..\libclamav\regex_suffix.c">
      <Filter>Source Files</Filter>
    </ClCompile>
    <ClCompile Include="..\..\..\..\libclamav\rijndael.c">
      <Filter>Source Files</Filter>
    </ClCompile>
    <ClCompile Include="..\..\..\..\libclamav\rtf.c">
      <Filter>Source Files</Filter>
    </ClCompile>
    <ClCompile Include="..\..\..\..\libclamav\scanners.c">
      <Filter>Source Files</Filter>
    </ClCompile>
    <ClCompile Include="..\..\..\..\libclamav\sf_base64decode.c">
      <Filter>Source Files</Filter>
    </ClCompile>
    <ClCompile Include="..\..\..\..\libclamav\sis.c">
      <Filter>Source Files</Filter>
    </ClCompile>
    <ClCompile Include="..\..\..\..\libclamav\special.c">
      <Filter>Source Files</Filter>
    </ClCompile>
    <ClCompile Include="..\..\..\..\libclamav\spin.c">
      <Filter>Source Files</Filter>
    </ClCompile>
    <ClCompile Include="..\..\..\..\libclamav\stats.c">
      <Filter>Source Files</Filter>
    </ClCompile>
    <ClCompile Include="..\..\..\..\libclamav\stats_json.c">
      <Filter>Source Files</Filter>
    </ClCompile>
    <ClCompile Include="..\..\..\..\libclamav\str.c">
      <Filter>Source Files</Filter>
    </ClCompile>
    <ClCompile Include="..\..\..\..\libclamav\swf.c">
      <Filter>Source Files</Filter>
    </ClCompile>
    <ClCompile Include="..\..\..\..\libclamav\table.c">
      <Filter>Source Files</Filter>
    </ClCompile>
    <ClCompile Include="..\..\..\..\libclamav\text.c">
      <Filter>Source Files</Filter>
    </ClCompile>
    <ClCompile Include="..\..\..\..\libclamav\textdet.c">
      <Filter>Source Files</Filter>
    </ClCompile>
    <ClCompile Include="..\..\..\..\libclamav\textnorm.c">
      <Filter>Source Files</Filter>
    </ClCompile>
    <ClCompile Include="..\..\..\..\libclamav\tnef.c">
      <Filter>Source Files</Filter>
    </ClCompile>
    <ClCompile Include="..\..\..\..\libclamav\unarj.c">
      <Filter>Source Files</Filter>
    </ClCompile>
    <ClCompile Include="..\..\..\..\libclamav\uniq.c">
      <Filter>Source Files</Filter>
    </ClCompile>
    <ClCompile Include="..\..\..\..\libclamav\unsp.c">
      <Filter>Source Files</Filter>
    </ClCompile>
    <ClCompile Include="..\..\..\..\libclamav\untar.c">
      <Filter>Source Files</Filter>
    </ClCompile>
    <ClCompile Include="..\..\..\..\libclamav\unzip.c">
      <Filter>Source Files</Filter>
    </ClCompile>
    <ClCompile Include="..\..\..\..\libclamav\upack.c">
      <Filter>Source Files</Filter>
    </ClCompile>
    <ClCompile Include="..\..\..\..\libclamav\upx.c">
      <Filter>Source Files</Filter>
    </ClCompile>
    <ClCompile Include="..\..\..\..\libclamav\uuencode.c">
      <Filter>Source Files</Filter>
    </ClCompile>
    <ClCompile Include="..\..\..\..\libclamav\vba_extract.c">
      <Filter>Source Files</Filter>
    </ClCompile>
    <ClCompile Include="..\..\..\..\libclamav\version.c">
      <Filter>Source Files</Filter>
    </ClCompile>
    <ClCompile Include="..\..\..\..\libclamav\wwunpack.c">
      <Filter>Source Files</Filter>
    </ClCompile>
    <ClCompile Include="..\..\..\..\libclamav\www.c">
      <Filter>Source Files</Filter>
    </ClCompile>
    <ClCompile Include="..\..\..\..\libclamav\xar.c">
      <Filter>Source Files</Filter>
    </ClCompile>
    <ClCompile Include="..\..\..\..\libclamav\xdp.c">
      <Filter>Source Files</Filter>
    </ClCompile>
    <ClCompile Include="..\..\..\..\libclamav\xz_iface.c">
      <Filter>Source Files</Filter>
    </ClCompile>
    <ClCompile Include="..\..\..\..\libclamav\yc.c">
      <Filter>Source Files</Filter>
    </ClCompile>
    <ClCompile Include="..\..\..\..\libclamav\regex\regcomp.c">
      <Filter>Source Files\regex</Filter>
    </ClCompile>
    <ClCompile Include="..\..\..\..\libclamav\regex\regerror.c">
      <Filter>Source Files\regex</Filter>
    </ClCompile>
    <ClCompile Include="..\..\..\..\libclamav\regex\regexec.c">
      <Filter>Source Files\regex</Filter>
    </ClCompile>
    <ClCompile Include="..\..\..\..\libclamav\regex\regfree.c">
      <Filter>Source Files\regex</Filter>
    </ClCompile>
    <ClCompile Include="..\..\..\..\libclamav\regex\strlcpy.c">
      <Filter>Source Files\regex</Filter>
    </ClCompile>
    <ClCompile Include="..\..\..\..\libclamav\7z\7zAlloc.c">
      <Filter>Source Files\7z</Filter>
    </ClCompile>
    <ClCompile Include="..\..\..\..\libclamav\7z\7zBuf.c">
      <Filter>Source Files\7z</Filter>
    </ClCompile>
    <ClCompile Include="..\..\..\..\libclamav\7z\7zBuf2.c">
      <Filter>Source Files\7z</Filter>
    </ClCompile>
    <ClCompile Include="..\..\..\..\libclamav\7z\7zCrc.c">
      <Filter>Source Files\7z</Filter>
    </ClCompile>
    <ClCompile Include="..\..\..\..\libclamav\7z\7zCrcOpt.c">
      <Filter>Source Files\7z</Filter>
    </ClCompile>
    <ClCompile Include="..\..\..\..\libclamav\7z\7zDec.c">
      <Filter>Source Files\7z</Filter>
    </ClCompile>
    <ClCompile Include="..\..\..\..\libclamav\7z\7zFile.c">
      <Filter>Source Files\7z</Filter>
    </ClCompile>
    <ClCompile Include="..\..\..\..\libclamav\7z\7zIn.c">
      <Filter>Source Files\7z</Filter>
    </ClCompile>
    <ClCompile Include="..\..\..\..\libclamav\7z\7zStream.c">
      <Filter>Source Files\7z</Filter>
    </ClCompile>
    <ClCompile Include="..\..\..\..\libclamav\7z\Bcj2.c">
      <Filter>Source Files\7z</Filter>
    </ClCompile>
    <ClCompile Include="..\..\..\..\libclamav\7z\Bra.c">
      <Filter>Source Files\7z</Filter>
    </ClCompile>
    <ClCompile Include="..\..\..\..\libclamav\7z\Bra86.c">
      <Filter>Source Files\7z</Filter>
    </ClCompile>
    <ClCompile Include="..\..\..\..\libclamav\7z\BraIA64.c">
      <Filter>Source Files\7z</Filter>
    </ClCompile>
    <ClCompile Include="..\..\..\..\libclamav\7z\CpuArch.c">
      <Filter>Source Files\7z</Filter>
    </ClCompile>
    <ClCompile Include="..\..\..\..\libclamav\7z\Delta.c">
      <Filter>Source Files\7z</Filter>
    </ClCompile>
    <ClCompile Include="..\..\..\..\libclamav\7z\Lzma2Dec.c">
      <Filter>Source Files\7z</Filter>
    </ClCompile>
    <ClCompile Include="..\..\..\..\libclamav\7z\LzmaDec.c">
      <Filter>Source Files\7z</Filter>
    </ClCompile>
    <ClCompile Include="..\..\..\..\libclamav\7z\Ppmd7.c">
      <Filter>Source Files\7z</Filter>
    </ClCompile>
    <ClCompile Include="..\..\..\..\libclamav\7z\Ppmd7Dec.c">
      <Filter>Source Files\7z</Filter>
    </ClCompile>
    <ClCompile Include="..\..\..\..\libclamav\7z\Xz.c">
      <Filter>Source Files\7z</Filter>
    </ClCompile>
    <ClCompile Include="..\..\..\..\libclamav\7z\XzCrc64.c">
      <Filter>Source Files\7z</Filter>
    </ClCompile>
    <ClCompile Include="..\..\..\..\libclamav\7z\XzDec.c">
      <Filter>Source Files\7z</Filter>
    </ClCompile>
    <ClCompile Include="..\..\..\..\libclamav\7z\XzIn.c">
      <Filter>Source Files\7z</Filter>
    </ClCompile>
    <ClCompile Include="..\..\..\..\libclamav\nsis\bzlib.c">
      <Filter>Source Files\nsis</Filter>
    </ClCompile>
    <ClCompile Include="..\..\..\..\libclamav\nsis\infblock.c">
      <Filter>Source Files\nsis</Filter>
    </ClCompile>
    <ClCompile Include="..\..\..\..\libclamav\nsis\nulsft.c">
      <Filter>Source Files\nsis</Filter>
    </ClCompile>
    <ClCompile Include="..\..\..\..\libclamav\jsparse\js-norm.c">
      <Filter>Source Files\jsparse</Filter>
    </ClCompile>
    <ClCompile Include="..\..\..\..\libclamav\tomsfastmath\exptmod\fp_2expt.c">
      <Filter>Source Files\tomsfastmath</Filter>
    </ClCompile>
    <ClCompile Include="..\..\..\..\libclamav\tomsfastmath\addsub\fp_add.c">
      <Filter>Source Files\tomsfastmath</Filter>
    </ClCompile>
    <ClCompile Include="..\..\..\..\libclamav\tomsfastmath\addsub\fp_add_d.c">
      <Filter>Source Files\tomsfastmath</Filter>
    </ClCompile>
    <ClCompile Include="..\..\..\..\libclamav\tomsfastmath\addsub\fp_addmod.c">
      <Filter>Source Files\tomsfastmath</Filter>
    </ClCompile>
    <ClCompile Include="..\..\..\..\libclamav\tomsfastmath\addsub\fp_cmp.c">
      <Filter>Source Files\tomsfastmath</Filter>
    </ClCompile>
    <ClCompile Include="..\..\..\..\libclamav\tomsfastmath\addsub\fp_cmp_d.c">
      <Filter>Source Files\tomsfastmath</Filter>
    </ClCompile>
    <ClCompile Include="..\..\..\..\libclamav\tomsfastmath\addsub\fp_cmp_mag.c">
      <Filter>Source Files\tomsfastmath</Filter>
    </ClCompile>
    <ClCompile Include="..\..\..\..\libclamav\tomsfastmath\bit\fp_cnt_lsb.c">
      <Filter>Source Files\tomsfastmath</Filter>
    </ClCompile>
    <ClCompile Include="..\..\..\..\libclamav\tomsfastmath\bit\fp_count_bits.c">
      <Filter>Source Files\tomsfastmath</Filter>
    </ClCompile>
    <ClCompile Include="..\..\..\..\libclamav\tomsfastmath\divide\fp_div.c">
      <Filter>Source Files\tomsfastmath</Filter>
    </ClCompile>
    <ClCompile Include="..\..\..\..\libclamav\tomsfastmath\bit\fp_div_2.c">
      <Filter>Source Files\tomsfastmath</Filter>
    </ClCompile>
    <ClCompile Include="..\..\..\..\libclamav\tomsfastmath\bit\fp_div_2d.c">
      <Filter>Source Files\tomsfastmath</Filter>
    </ClCompile>
    <ClCompile Include="..\..\..\..\libclamav\tomsfastmath\divide\fp_div_d.c">
      <Filter>Source Files\tomsfastmath</Filter>
    </ClCompile>
    <ClCompile Include="..\..\..\..\libclamav\tomsfastmath\exptmod\fp_exptmod.c">
      <Filter>Source Files\tomsfastmath</Filter>
    </ClCompile>
    <ClCompile Include="..\..\..\..\libclamav\tomsfastmath\numtheory\fp_gcd.c">
      <Filter>Source Files\tomsfastmath</Filter>
    </ClCompile>
    <ClCompile Include="..\..\..\..\libclamav\tomsfastmath\numtheory\fp_invmod.c">
      <Filter>Source Files\tomsfastmath</Filter>
    </ClCompile>
    <ClCompile Include="..\..\..\..\libclamav\tomsfastmath\numtheory\fp_isprime.c">
      <Filter>Source Files\tomsfastmath</Filter>
    </ClCompile>
    <ClCompile Include="..\..\..\..\libclamav\tomsfastmath\numtheory\fp_lcm.c">
      <Filter>Source Files\tomsfastmath</Filter>
    </ClCompile>
    <ClCompile Include="..\..\..\..\libclamav\tomsfastmath\bit\fp_lshd.c">
      <Filter>Source Files\tomsfastmath</Filter>
    </ClCompile>
    <ClCompile Include="..\..\..\..\libclamav\tomsfastmath\divide\fp_mod.c">
      <Filter>Source Files\tomsfastmath</Filter>
    </ClCompile>
    <ClCompile Include="..\..\..\..\libclamav\tomsfastmath\bit\fp_mod_2d.c">
      <Filter>Source Files\tomsfastmath</Filter>
    </ClCompile>
    <ClCompile Include="..\..\..\..\libclamav\tomsfastmath\divide\fp_mod_d.c">
      <Filter>Source Files\tomsfastmath</Filter>
    </ClCompile>
    <ClCompile Include="..\..\..\..\libclamav\tomsfastmath\mont\fp_montgomery_calc_normalization.c">
      <Filter>Source Files\tomsfastmath</Filter>
    </ClCompile>
    <ClCompile Include="..\..\..\..\libclamav\tomsfastmath\mont\fp_montgomery_reduce.c">
      <Filter>Source Files\tomsfastmath</Filter>
    </ClCompile>
    <ClCompile Include="..\..\..\..\libclamav\tomsfastmath\mont\fp_montgomery_setup.c">
      <Filter>Source Files\tomsfastmath</Filter>
    </ClCompile>
    <ClCompile Include="..\..\..\..\libclamav\tomsfastmath\mul\fp_mul.c">
      <Filter>Source Files\tomsfastmath</Filter>
    </ClCompile>
    <ClCompile Include="..\..\..\..\libclamav\tomsfastmath\mul\fp_mul_2.c">
      <Filter>Source Files\tomsfastmath</Filter>
    </ClCompile>
    <ClCompile Include="..\..\..\..\libclamav\tomsfastmath\mul\fp_mul_2d.c">
      <Filter>Source Files\tomsfastmath</Filter>
    </ClCompile>
    <ClCompile Include="..\..\..\..\libclamav\tomsfastmath\mul\fp_mul_comba.c">
      <Filter>Source Files\tomsfastmath</Filter>
    </ClCompile>
    <ClCompile Include="..\..\..\..\libclamav\tomsfastmath\mul\fp_mul_comba_12.c">
      <Filter>Source Files\tomsfastmath</Filter>
    </ClCompile>
    <ClCompile Include="..\..\..\..\libclamav\tomsfastmath\mul\fp_mul_comba_17.c">
      <Filter>Source Files\tomsfastmath</Filter>
    </ClCompile>
    <ClCompile Include="..\..\..\..\libclamav\tomsfastmath\mul\fp_mul_comba_20.c">
      <Filter>Source Files\tomsfastmath</Filter>
    </ClCompile>
    <ClCompile Include="..\..\..\..\libclamav\tomsfastmath\mul\fp_mul_comba_24.c">
      <Filter>Source Files\tomsfastmath</Filter>
    </ClCompile>
    <ClCompile Include="..\..\..\..\libclamav\tomsfastmath\mul\fp_mul_comba_28.c">
      <Filter>Source Files\tomsfastmath</Filter>
    </ClCompile>
    <ClCompile Include="..\..\..\..\libclamav\tomsfastmath\mul\fp_mul_comba_3.c">
      <Filter>Source Files\tomsfastmath</Filter>
    </ClCompile>
    <ClCompile Include="..\..\..\..\libclamav\tomsfastmath\mul\fp_mul_comba_32.c">
      <Filter>Source Files\tomsfastmath</Filter>
    </ClCompile>
    <ClCompile Include="..\..\..\..\libclamav\tomsfastmath\mul\fp_mul_comba_4.c">
      <Filter>Source Files\tomsfastmath</Filter>
    </ClCompile>
    <ClCompile Include="..\..\..\..\libclamav\tomsfastmath\mul\fp_mul_comba_48.c">
      <Filter>Source Files\tomsfastmath</Filter>
    </ClCompile>
    <ClCompile Include="..\..\..\..\libclamav\tomsfastmath\mul\fp_mul_comba_6.c">
      <Filter>Source Files\tomsfastmath</Filter>
    </ClCompile>
    <ClCompile Include="..\..\..\..\libclamav\tomsfastmath\mul\fp_mul_comba_64.c">
      <Filter>Source Files\tomsfastmath</Filter>
    </ClCompile>
    <ClCompile Include="..\..\..\..\libclamav\tomsfastmath\mul\fp_mul_comba_7.c">
      <Filter>Source Files\tomsfastmath</Filter>
    </ClCompile>
    <ClCompile Include="..\..\..\..\libclamav\tomsfastmath\mul\fp_mul_comba_8.c">
      <Filter>Source Files\tomsfastmath</Filter>
    </ClCompile>
    <ClCompile Include="..\..\..\..\libclamav\tomsfastmath\mul\fp_mul_comba_9.c">
      <Filter>Source Files\tomsfastmath</Filter>
    </ClCompile>
    <ClCompile Include="..\..\..\..\libclamav\tomsfastmath\mul\fp_mul_comba_small_set.c">
      <Filter>Source Files\tomsfastmath</Filter>
    </ClCompile>
    <ClCompile Include="..\..\..\..\libclamav\tomsfastmath\mul\fp_mul_d.c">
      <Filter>Source Files\tomsfastmath</Filter>
    </ClCompile>
    <ClCompile Include="..\..\..\..\libclamav\tomsfastmath\mul\fp_mulmod.c">
      <Filter>Source Files\tomsfastmath</Filter>
    </ClCompile>
    <ClCompile Include="..\..\..\..\libclamav\tomsfastmath\numtheory\fp_prime_miller_rabin.c">
      <Filter>Source Files\tomsfastmath</Filter>
    </ClCompile>
    <ClCompile Include="..\..\..\..\libclamav\tomsfastmath\numtheory\fp_prime_random_ex.c">
      <Filter>Source Files\tomsfastmath</Filter>
    </ClCompile>
    <ClCompile Include="..\..\..\..\libclamav\tomsfastmath\bin\fp_radix_size.c">
      <Filter>Source Files\tomsfastmath</Filter>
    </ClCompile>
    <ClCompile Include="..\..\..\..\libclamav\tomsfastmath\bin\fp_read_radix.c">
      <Filter>Source Files\tomsfastmath</Filter>
    </ClCompile>
    <ClCompile Include="..\..\..\..\libclamav\tomsfastmath\bin\fp_read_signed_bin.c">
      <Filter>Source Files\tomsfastmath</Filter>
    </ClCompile>
    <ClCompile Include="..\..\..\..\libclamav\tomsfastmath\bin\fp_read_unsigned_bin.c">
      <Filter>Source Files\tomsfastmath</Filter>
    </ClCompile>
    <ClCompile Include="..\..\..\..\libclamav\tomsfastmath\bin\fp_reverse.c">
      <Filter>Source Files\tomsfastmath</Filter>
    </ClCompile>
    <ClCompile Include="..\..\..\..\libclamav\tomsfastmath\bit\fp_rshd.c">
      <Filter>Source Files\tomsfastmath</Filter>
    </ClCompile>
    <ClCompile Include="..\..\..\..\libclamav\tomsfastmath\bin\fp_s_rmap.c">
      <Filter>Source Files\tomsfastmath</Filter>
    </ClCompile>
    <ClCompile Include="..\..\..\..\libclamav\tomsfastmath\misc\fp_set.c">
      <Filter>Source Files\tomsfastmath</Filter>
    </ClCompile>
    <ClCompile Include="..\..\..\..\libclamav\tomsfastmath\bin\fp_signed_bin_size.c">
      <Filter>Source Files\tomsfastmath</Filter>
    </ClCompile>
    <ClCompile Include="..\..\..\..\libclamav\tomsfastmath\sqr\fp_sqr.c">
      <Filter>Source Files\tomsfastmath</Filter>
    </ClCompile>
    <ClCompile Include="..\..\..\..\libclamav\tomsfastmath\sqr\fp_sqr_comba.c">
      <Filter>Source Files\tomsfastmath</Filter>
    </ClCompile>
    <ClCompile Include="..\..\..\..\libclamav\tomsfastmath\sqr\fp_sqr_comba_12.c">
      <Filter>Source Files\tomsfastmath</Filter>
    </ClCompile>
    <ClCompile Include="..\..\..\..\libclamav\tomsfastmath\sqr\fp_sqr_comba_17.c">
      <Filter>Source Files\tomsfastmath</Filter>
    </ClCompile>
    <ClCompile Include="..\..\..\..\libclamav\tomsfastmath\sqr\fp_sqr_comba_20.c">
      <Filter>Source Files\tomsfastmath</Filter>
    </ClCompile>
    <ClCompile Include="..\..\..\..\libclamav\tomsfastmath\sqr\fp_sqr_comba_24.c">
      <Filter>Source Files\tomsfastmath</Filter>
    </ClCompile>
    <ClCompile Include="..\..\..\..\libclamav\tomsfastmath\sqr\fp_sqr_comba_28.c">
      <Filter>Source Files\tomsfastmath</Filter>
    </ClCompile>
    <ClCompile Include="..\..\..\..\libclamav\tomsfastmath\sqr\fp_sqr_comba_3.c">
      <Filter>Source Files\tomsfastmath</Filter>
    </ClCompile>
    <ClCompile Include="..\..\..\..\libclamav\tomsfastmath\sqr\fp_sqr_comba_32.c">
      <Filter>Source Files\tomsfastmath</Filter>
    </ClCompile>
    <ClCompile Include="..\..\..\..\libclamav\tomsfastmath\sqr\fp_sqr_comba_4.c">
      <Filter>Source Files\tomsfastmath</Filter>
    </ClCompile>
    <ClCompile Include="..\..\..\..\libclamav\tomsfastmath\sqr\fp_sqr_comba_48.c">
      <Filter>Source Files\tomsfastmath</Filter>
    </ClCompile>
    <ClCompile Include="..\..\..\..\libclamav\tomsfastmath\sqr\fp_sqr_comba_6.c">
      <Filter>Source Files\tomsfastmath</Filter>
    </ClCompile>
    <ClCompile Include="..\..\..\..\libclamav\tomsfastmath\sqr\fp_sqr_comba_64.c">
      <Filter>Source Files\tomsfastmath</Filter>
    </ClCompile>
    <ClCompile Include="..\..\..\..\libclamav\tomsfastmath\sqr\fp_sqr_comba_7.c">
      <Filter>Source Files\tomsfastmath</Filter>
    </ClCompile>
    <ClCompile Include="..\..\..\..\libclamav\tomsfastmath\sqr\fp_sqr_comba_8.c">
      <Filter>Source Files\tomsfastmath</Filter>
    </ClCompile>
    <ClCompile Include="..\..\..\..\libclamav\tomsfastmath\sqr\fp_sqr_comba_9.c">
      <Filter>Source Files\tomsfastmath</Filter>
    </ClCompile>
    <ClCompile Include="..\..\..\..\libclamav\tomsfastmath\sqr\fp_sqr_comba_generic.c">
      <Filter>Source Files\tomsfastmath</Filter>
    </ClCompile>
    <ClCompile Include="..\..\..\..\libclamav\tomsfastmath\sqr\fp_sqr_comba_small_set.c">
      <Filter>Source Files\tomsfastmath</Filter>
    </ClCompile>
    <ClCompile Include="..\..\..\..\libclamav\tomsfastmath\sqr\fp_sqrmod.c">
      <Filter>Source Files\tomsfastmath</Filter>
    </ClCompile>
    <ClCompile Include="..\..\..\..\libclamav\tomsfastmath\addsub\fp_sub.c">
      <Filter>Source Files\tomsfastmath</Filter>
    </ClCompile>
    <ClCompile Include="..\..\..\..\libclamav\tomsfastmath\addsub\fp_sub_d.c">
      <Filter>Source Files\tomsfastmath</Filter>
    </ClCompile>
    <ClCompile Include="..\..\..\..\libclamav\tomsfastmath\addsub\fp_submod.c">
      <Filter>Source Files\tomsfastmath</Filter>
    </ClCompile>
    <ClCompile Include="..\..\..\..\libclamav\tomsfastmath\bin\fp_to_signed_bin.c">
      <Filter>Source Files\tomsfastmath</Filter>
    </ClCompile>
    <ClCompile Include="..\..\..\..\libclamav\tomsfastmath\bin\fp_to_unsigned_bin.c">
      <Filter>Source Files\tomsfastmath</Filter>
    </ClCompile>
    <ClCompile Include="..\..\..\..\libclamav\tomsfastmath\bin\fp_toradix.c">
      <Filter>Source Files\tomsfastmath</Filter>
    </ClCompile>
    <ClCompile Include="..\..\..\..\libclamav\tomsfastmath\bin\fp_toradix_n.c">
      <Filter>Source Files\tomsfastmath</Filter>
    </ClCompile>
    <ClCompile Include="..\..\..\..\libclamav\tomsfastmath\bin\fp_unsigned_bin_size.c">
      <Filter>Source Files\tomsfastmath</Filter>
    </ClCompile>
    <ClCompile Include="..\..\..\..\libclamav\tomsfastmath\addsub\s_fp_add.c">
      <Filter>Source Files\tomsfastmath</Filter>
    </ClCompile>
    <ClCompile Include="..\..\..\..\libclamav\tomsfastmath\addsub\s_fp_sub.c">
      <Filter>Source Files\tomsfastmath</Filter>
    </ClCompile>
    <ClCompile Include="..\..\src\dllmain\clamwin.c">
      <Filter>Win32 Files\Source Files</Filter>
    </ClCompile>
    <ClCompile Include="..\..\src\dllmain\dirent.c">
      <Filter>Win32 Files\Source Files</Filter>
    </ClCompile>
    <ClCompile Include="..\..\src\dllmain\dllmain.c">
      <Filter>Win32 Files\Source Files</Filter>
    </ClCompile>
    <ClCompile Include="..\..\src\dllmain\jit-dynload.c">
      <Filter>Win32 Files\Source Files</Filter>
    </ClCompile>
    <ClCompile Include="..\..\src\dllmain\libgen.c">
      <Filter>Win32 Files\Source Files</Filter>
    </ClCompile>
    <ClCompile Include="..\..\src\dllmain\mkstemp.c">
      <Filter>Win32 Files\Source Files</Filter>
    </ClCompile>
    <ClCompile Include="..\..\src\dllmain\osdeps.c">
      <Filter>Win32 Files\Source Files</Filter>
    </ClCompile>
    <ClCompile Include="..\..\src\dllmain\posix-errno.c">
      <Filter>Win32 Files\Source Files</Filter>
    </ClCompile>
    <ClCompile Include="..\..\..\..\win32\3rdparty\pthreads\pthread.c">
      <Filter>Win32 Files\Source Files</Filter>
    </ClCompile>
    <ClCompile Include="..\..\src\dllmain\shared-misc.c">
      <Filter>Win32 Files\Source Files</Filter>
    </ClCompile>
    <ClCompile Include="..\..\src\dllmain\sigcheck.c">
      <Filter>Win32 Files\Source Files</Filter>
    </ClCompile>
    <ClCompile Include="..\..\src\dllmain\termios.c">
      <Filter>Win32 Files\Source Files</Filter>
    </ClCompile>
    <ClCompile Include="..\..\src\dllmain\tls.c">
      <Filter>Win32 Files\Source Files</Filter>
    </ClCompile>
    <ClCompile Include="..\..\src\dllmain\win32others.c">
      <Filter>Win32 Files\Source Files</Filter>
    </ClCompile>
    <ClCompile Include="..\..\src\dllmain\winstat.c">
      <Filter>Win32 Files\Source Files</Filter>
    </ClCompile>
    <ClCompile Include="..\..\gnulib\asnprintf.c">
      <Filter>Win32 Files\gnulib</Filter>
    </ClCompile>
    <ClCompile Include="..\..\gnulib\ftruncate.c">
      <Filter>Win32 Files\gnulib</Filter>
    </ClCompile>
    <ClCompile Include="..\..\gnulib\msvc-inval.c">
      <Filter>Win32 Files\gnulib</Filter>
    </ClCompile>
    <ClCompile Include="..\..\gnulib\printf-args.c">
      <Filter>Win32 Files\gnulib</Filter>
    </ClCompile>
    <ClCompile Include="..\..\gnulib\printf-parse.c">
      <Filter>Win32 Files\gnulib</Filter>
    </ClCompile>
    <ClCompile Include="..\..\gnulib\snprintf.c">
      <Filter>Win32 Files\gnulib</Filter>
    </ClCompile>
    <ClCompile Include="..\..\gnulib\strptime.c">
      <Filter>Win32 Files\gnulib</Filter>
    </ClCompile>
    <ClCompile Include="..\..\gnulib\strtok_r.c">
      <Filter>Win32 Files\gnulib</Filter>
    </ClCompile>
    <ClCompile Include="..\..\gnulib\time_r.c">
      <Filter>Win32 Files\gnulib</Filter>
    </ClCompile>
    <ClCompile Include="..\..\gnulib\vasnprintf.c">
      <Filter>Win32 Files\gnulib</Filter>
    </ClCompile>
    <ClCompile Include="..\..\gnulib\vsnprintf.c">
      <Filter>Win32 Files\gnulib</Filter>
    </ClCompile>
    <ClCompile Include="..\..\..\..\win32\3rdparty\zlib\adler32.c">
      <Filter>Win32 Files\zlib</Filter>
    </ClCompile>
    <ClCompile Include="..\..\..\..\win32\3rdparty\zlib\compress.c">
      <Filter>Win32 Files\zlib</Filter>
    </ClCompile>
    <ClCompile Include="..\..\..\..\win32\3rdparty\zlib\crc32.c">
      <Filter>Win32 Files\zlib</Filter>
    </ClCompile>
    <ClCompile Include="..\..\..\..\win32\3rdparty\zlib\deflate.c">
      <Filter>Win32 Files\zlib</Filter>
    </ClCompile>
    <ClCompile Include="..\..\..\..\win32\3rdparty\zlib\gzclose.c">
      <Filter>Win32 Files\zlib</Filter>
    </ClCompile>
    <ClCompile Include="..\..\..\..\win32\3rdparty\zlib\gzlib.c">
      <Filter>Win32 Files\zlib</Filter>
    </ClCompile>
    <ClCompile Include="..\..\..\..\win32\3rdparty\zlib\gzread.c">
      <Filter>Win32 Files\zlib</Filter>
    </ClCompile>
    <ClCompile Include="..\..\..\..\win32\3rdparty\zlib\gzwrite.c">
      <Filter>Win32 Files\zlib</Filter>
    </ClCompile>
    <ClCompile Include="..\..\..\..\win32\3rdparty\zlib\infback.c">
      <Filter>Win32 Files\zlib</Filter>
    </ClCompile>
    <ClCompile Include="..\..\..\..\win32\3rdparty\zlib\inffast.c">
      <Filter>Win32 Files\zlib</Filter>
    </ClCompile>
    <ClCompile Include="..\..\..\..\win32\3rdparty\zlib\inflate.c">
      <Filter>Win32 Files\zlib</Filter>
    </ClCompile>
    <ClCompile Include="..\..\..\..\win32\3rdparty\zlib\inftrees.c">
      <Filter>Win32 Files\zlib</Filter>
    </ClCompile>
    <ClCompile Include="..\..\..\..\win32\3rdparty\zlib\trees.c">
      <Filter>Win32 Files\zlib</Filter>
    </ClCompile>
    <ClCompile Include="..\..\..\..\win32\3rdparty\zlib\uncompr.c">
      <Filter>Win32 Files\zlib</Filter>
    </ClCompile>
    <ClCompile Include="..\..\..\..\win32\3rdparty\zlib\zutil.c">
      <Filter>Win32 Files\zlib</Filter>
    </ClCompile>
    <ClCompile Include="..\..\..\..\win32\3rdparty\bzip2\blocksort.c">
      <Filter>Win32 Files\bzip2</Filter>
    </ClCompile>
    <ClCompile Include="..\..\..\..\win32\3rdparty\bzip2\bzlib.c">
      <Filter>Win32 Files\bzip2</Filter>
    </ClCompile>
    <ClCompile Include="..\..\..\..\win32\3rdparty\bzip2\compress.c">
      <Filter>Win32 Files\bzip2</Filter>
    </ClCompile>
    <ClCompile Include="..\..\..\..\win32\3rdparty\bzip2\crctable.c">
      <Filter>Win32 Files\bzip2</Filter>
    </ClCompile>
    <ClCompile Include="..\..\..\..\win32\3rdparty\bzip2\decompress.c">
      <Filter>Win32 Files\bzip2</Filter>
    </ClCompile>
    <ClCompile Include="..\..\..\..\win32\3rdparty\bzip2\huffman.c">
      <Filter>Win32 Files\bzip2</Filter>
    </ClCompile>
    <ClCompile Include="..\..\..\..\win32\3rdparty\bzip2\randtable.c">
      <Filter>Win32 Files\bzip2</Filter>
    </ClCompile>
    <ClCompile Include="..\..\json-c\arraylist.c">
      <Filter>Win32 Files\json-c</Filter>
    </ClCompile>
    <ClCompile Include="..\..\json-c\debug.c">
      <Filter>Win32 Files\json-c</Filter>
    </ClCompile>
    <ClCompile Include="..\..\json-c\json_object.c">
      <Filter>Win32 Files\json-c</Filter>
    </ClCompile>
    <ClCompile Include="..\..\json-c\json_tokener.c">
      <Filter>Win32 Files\json-c</Filter>
    </ClCompile>
    <ClCompile Include="..\..\json-c\json_util.c">
      <Filter>Win32 Files\json-c</Filter>
    </ClCompile>
    <ClCompile Include="..\..\json-c\linkhash.c">
      <Filter>Win32 Files\json-c</Filter>
    </ClCompile>
    <ClCompile Include="..\..\json-c\printbuf.c">
      <Filter>Win32 Files\json-c</Filter>
    </ClCompile>
    <ClCompile Include="..\..\json-c\random_seed.c">
      <Filter>Win32 Files\json-c</Filter>
    </ClCompile>
  </ItemGroup>
  <ItemGroup>
    <ClInclude Include="..\..\..\..\libclamav\7z\7z.h">
      <Filter>Source Files\7z</Filter>
    </ClInclude>
    <ClInclude Include="..\..\..\..\libclamav\7z\7zAlloc.h">
      <Filter>Source Files\7z</Filter>
    </ClInclude>
    <ClInclude Include="..\..\..\..\libclamav\7z\7zBuf.h">
      <Filter>Source Files\7z</Filter>
    </ClInclude>
    <ClInclude Include="..\..\..\..\libclamav\7z\7zCrc.h">
      <Filter>Source Files\7z</Filter>
    </ClInclude>
    <ClInclude Include="..\..\..\..\libclamav\7z\7zFile.h">
      <Filter>Source Files\7z</Filter>
    </ClInclude>
    <ClInclude Include="..\..\..\..\libclamav\7z\7zVersion.h">
      <Filter>Source Files\7z</Filter>
    </ClInclude>
    <ClInclude Include="..\..\..\..\libclamav\7z\Alloc.h">
      <Filter>Source Files\7z</Filter>
    </ClInclude>
    <ClInclude Include="..\..\..\..\libclamav\7z\Bcj2.h">
      <Filter>Source Files\7z</Filter>
    </ClInclude>
    <ClInclude Include="..\..\..\..\libclamav\7z\Bra.h">
      <Filter>Source Files\7z</Filter>
    </ClInclude>
    <ClInclude Include="..\..\..\..\libclamav\7z\CpuArch.h">
      <Filter>Source Files\7z</Filter>
    </ClInclude>
    <ClInclude Include="..\..\..\..\libclamav\7z\Delta.h">
      <Filter>Source Files\7z</Filter>
    </ClInclude>
    <ClInclude Include="..\..\..\..\libclamav\7z\Lzma2Dec.h">
      <Filter>Source Files\7z</Filter>
    </ClInclude>
    <ClInclude Include="..\..\..\..\libclamav\7z\LzmaDec.h">
      <Filter>Source Files\7z</Filter>
    </ClInclude>
    <ClInclude Include="..\..\..\..\libclamav\7z\Ppmd.h">
      <Filter>Source Files\7z</Filter>
    </ClInclude>
    <ClInclude Include="..\..\..\..\libclamav\7z\Ppmd7.h">
      <Filter>Source Files\7z</Filter>
    </ClInclude>
    <ClInclude Include="..\..\..\..\libclamav\7z\RotateDefs.h">
      <Filter>Source Files\7z</Filter>
    </ClInclude>
    <ClInclude Include="..\..\..\..\libclamav\7z\Sha256.h">
      <Filter>Source Files\7z</Filter>
    </ClInclude>
    <ClInclude Include="..\..\..\..\libclamav\7z\Types.h">
      <Filter>Source Files\7z</Filter>
    </ClInclude>
    <ClInclude Include="..\..\..\..\libclamav\7z\Xz.h">
      <Filter>Source Files\7z</Filter>
    </ClInclude>
    <ClInclude Include="..\..\..\..\libclamav\7z\XzCrc64.h">
      <Filter>Source Files\7z</Filter>
    </ClInclude>
    <ClInclude Include="..\..\..\..\libclamav\7z_iface.h">
      <Filter>Header Files</Filter>
    </ClInclude>
    <ClInclude Include="..\..\..\..\libclamav\adc.h">
      <Filter>Header Files</Filter>
    </ClInclude>
    <ClInclude Include="..\..\..\..\libclamav\apm.h">
      <Filter>Header Files</Filter>
    </ClInclude>
    <ClInclude Include="..\..\..\..\libclamav\arc4.h">
      <Filter>Header Files</Filter>
    </ClInclude>
    <ClInclude Include="..\..\..\..\libclamav\asn1.h">
      <Filter>Header Files</Filter>
    </ClInclude>
    <ClInclude Include="..\..\..\..\libclamav\aspack.h">
      <Filter>Header Files</Filter>
    </ClInclude>
    <ClInclude Include="..\..\..\..\libclamav\autoit.h">
      <Filter>Header Files</Filter>
    </ClInclude>
    <ClInclude Include="..\..\..\..\libclamav\bcfeatures.h">
      <Filter>Header Files</Filter>
    </ClInclude>
    <ClInclude Include="..\..\..\..\libclamav\bignum.h">
      <Filter>Header Files</Filter>
    </ClInclude>
    <ClInclude Include="..\..\..\..\libclamav\bignum_fast.h">
      <Filter>Header Files</Filter>
    </ClInclude>
    <ClInclude Include="..\..\..\..\libclamav\binhex.h">
      <Filter>Header Files</Filter>
    </ClInclude>
    <ClInclude Include="..\..\..\..\libclamav\blob.h">
      <Filter>Header Files</Filter>
    </ClInclude>
    <ClInclude Include="..\..\..\..\libclamav\builtin_bytecodes.h">
      <Filter>Header Files</Filter>
    </ClInclude>
    <ClInclude Include="..\..\..\..\libclamav\bytecode.h">
      <Filter>Header Files</Filter>
    </ClInclude>
    <ClInclude Include="..\..\..\..\libclamav\bytecode_api.h">
      <Filter>Header Files</Filter>
    </ClInclude>
    <ClInclude Include="..\..\..\..\libclamav\bytecode_api_impl.h">
      <Filter>Header Files</Filter>
    </ClInclude>
    <ClInclude Include="..\..\..\..\libclamav\bytecode_detect.h">
      <Filter>Header Files</Filter>
    </ClInclude>
    <ClInclude Include="..\..\..\..\libclamav\bytecode_hooks.h">
      <Filter>Header Files</Filter>
    </ClInclude>
    <ClInclude Include="..\..\..\..\libclamav\bytecode_priv.h">
      <Filter>Header Files</Filter>
    </ClInclude>
    <ClInclude Include="..\..\..\..\libclamav\cab.h">
      <Filter>Header Files</Filter>
    </ClInclude>
    <ClInclude Include="..\..\..\..\libclamav\cache.h">
      <Filter>Header Files</Filter>
    </ClInclude>
    <ClInclude Include="..\..\..\..\libclamav\chmunpack.h">
      <Filter>Header Files</Filter>
    </ClInclude>
    <ClInclude Include="..\..\..\..\libclamav\clamav.h">
      <Filter>Header Files</Filter>
    </ClInclude>
    <ClInclude Include="..\..\..\..\libclamav\clambc.h">
      <Filter>Header Files</Filter>
    </ClInclude>
    <ClInclude Include="..\..\..\..\libclamav\cltypes.h">
      <Filter>Header Files</Filter>
    </ClInclude>
    <ClInclude Include="..\..\..\..\libclamav\conv.h">
      <Filter>Header Files</Filter>
    </ClInclude>
    <ClInclude Include="..\..\..\..\libclamav\cpio.h">
      <Filter>Header Files</Filter>
    </ClInclude>
    <ClInclude Include="..\..\..\..\libclamav\crtmgr.h">
      <Filter>Header Files</Filter>
    </ClInclude>
    <ClInclude Include="..\..\..\..\libclamav\crypto.h">
      <Filter>Header Files</Filter>
    </ClInclude>
    <ClInclude Include="..\..\..\..\libclamav\cvd.h">
      <Filter>Header Files</Filter>
    </ClInclude>
    <ClInclude Include="..\..\..\..\libclamav\dconf.h">
      <Filter>Header Files</Filter>
    </ClInclude>
    <ClInclude Include="..\..\..\..\libclamav\default.h">
      <Filter>Header Files</Filter>
    </ClInclude>
    <ClInclude Include="..\..\..\..\libclamav\disasm-common.h">
      <Filter>Header Files</Filter>
    </ClInclude>
    <ClInclude Include="..\..\..\..\libclamav\disasm.h">
      <Filter>Header Files</Filter>
    </ClInclude>
    <ClInclude Include="..\..\..\..\libclamav\disasmpriv.h">
      <Filter>Header Files</Filter>
    </ClInclude>
    <ClInclude Include="..\..\..\..\libclamav\dlp.h">
      <Filter>Header Files</Filter>
    </ClInclude>
    <ClInclude Include="..\..\..\..\libclamav\dmg.h">
      <Filter>Header Files</Filter>
    </ClInclude>
    <ClInclude Include="..\..\..\..\libclamav\dsig.h">
      <Filter>Header Files</Filter>
    </ClInclude>
    <ClInclude Include="..\..\..\..\libclamav\elf.h">
      <Filter>Header Files</Filter>
    </ClInclude>
    <ClInclude Include="..\..\..\..\libclamav\encoding_aliases.h">
      <Filter>Header Files</Filter>
    </ClInclude>
    <ClInclude Include="..\..\..\..\libclamav\entconv.h">
      <Filter>Header Files</Filter>
    </ClInclude>
    <ClInclude Include="..\..\..\..\libclamav\entitylist.h">
      <Filter>Header Files</Filter>
    </ClInclude>
    <ClInclude Include="..\..\..\..\libclamav\events.h">
      <Filter>Header Files</Filter>
    </ClInclude>
    <ClInclude Include="..\..\..\..\libclamav\execs.h">
      <Filter>Header Files</Filter>
    </ClInclude>
    <ClInclude Include="..\..\..\..\libclamav\explode.h">
      <Filter>Header Files</Filter>
    </ClInclude>
    <ClInclude Include="..\..\..\..\libclamav\filetypes.h">
      <Filter>Header Files</Filter>
    </ClInclude>
    <ClInclude Include="..\..\..\..\libclamav\filetypes_int.h">
      <Filter>Header Files</Filter>
    </ClInclude>
    <ClInclude Include="..\..\..\..\libclamav\filtering.h">
      <Filter>Header Files</Filter>
    </ClInclude>
    <ClInclude Include="..\..\..\..\libclamav\fmap.h">
      <Filter>Header Files</Filter>
    </ClInclude>
    <ClInclude Include="..\..\..\..\libclamav\fpu.h">
      <Filter>Header Files</Filter>
    </ClInclude>
    <ClInclude Include="..\..\..\..\libclamav\fsg.h">
      <Filter>Header Files</Filter>
    </ClInclude>
    <ClInclude Include="..\..\..\..\libclamav\gpt.h">
      <Filter>Header Files</Filter>
    </ClInclude>
    <ClInclude Include="..\..\..\..\libclamav\hashtab.h">
      <Filter>Header Files</Filter>
    </ClInclude>
    <ClInclude Include="..\..\..\..\libclamav\hfsplus.h">
      <Filter>Header Files</Filter>
    </ClInclude>
    <ClInclude Include="..\..\..\..\libclamav\hostid.h">
      <Filter>Header Files</Filter>
    </ClInclude>
    <ClInclude Include="..\..\..\..\libclamav\htmlnorm.h">
      <Filter>Header Files</Filter>
    </ClInclude>
    <ClInclude Include="..\..\..\..\libclamav\iana_cctld.h">
      <Filter>Header Files</Filter>
    </ClInclude>
    <ClInclude Include="..\..\..\..\libclamav\iana_tld.h">
      <Filter>Header Files</Filter>
    </ClInclude>
    <ClInclude Include="..\..\..\..\libclamav\inffixed64.h">
      <Filter>Header Files</Filter>
    </ClInclude>
    <ClInclude Include="..\..\..\..\libclamav\inflate64.h">
      <Filter>Header Files</Filter>
    </ClInclude>
    <ClInclude Include="..\..\..\..\libclamav\inflate64_priv.h">
      <Filter>Header Files</Filter>
    </ClInclude>
    <ClInclude Include="..\..\..\..\libclamav\iowrap.h">
      <Filter>Header Files</Filter>
    </ClInclude>
    <ClInclude Include="..\..\..\..\libclamav\is_tar.h">
      <Filter>Header Files</Filter>
    </ClInclude>
    <ClInclude Include="..\..\..\..\libclamav\ishield.h">
      <Filter>Header Files</Filter>
    </ClInclude>
    <ClInclude Include="..\..\..\..\libclamav\iso9660.h">
      <Filter>Header Files</Filter>
    </ClInclude>
    <ClInclude Include="..\..\..\..\libclamav\jpeg.h">
      <Filter>Header Files</Filter>
    </ClInclude>
    <ClInclude Include="..\..\..\..\libclamav\json.h">
      <Filter>Header Files</Filter>
    </ClInclude>
    <ClInclude Include="..\..\..\..\libclamav\json_api.h">
      <Filter>Header Files</Filter>
    </ClInclude>
    <ClInclude Include="..\..\..\..\libclamav\line.h">
      <Filter>Header Files</Filter>
    </ClInclude>
    <ClInclude Include="..\..\..\..\libclamav\lzma_iface.h">
      <Filter>Header Files</Filter>
    </ClInclude>
    <ClInclude Include="..\..\..\..\libclamav\macho.h">
      <Filter>Header Files</Filter>
    </ClInclude>
    <ClInclude Include="..\..\..\..\libclamav\matcher-ac.h">
      <Filter>Header Files</Filter>
    </ClInclude>
    <ClInclude Include="..\..\..\..\libclamav\matcher-bm.h">
      <Filter>Header Files</Filter>
    </ClInclude>
    <ClInclude Include="..\..\..\..\libclamav\matcher-hash.h">
      <Filter>Header Files</Filter>
    </ClInclude>
    <ClInclude Include="..\..\..\..\libclamav\matcher.h">
      <Filter>Header Files</Filter>
    </ClInclude>
    <ClInclude Include="..\..\..\..\libclamav\mbox.h">
      <Filter>Header Files</Filter>
    </ClInclude>
    <ClInclude Include="..\..\..\..\libclamav\mbr.h">
      <Filter>Header Files</Filter>
    </ClInclude>
    <ClInclude Include="..\..\..\..\libclamav\message.h">
      <Filter>Header Files</Filter>
    </ClInclude>
    <ClInclude Include="..\..\..\..\libclamav\mew.h">
      <Filter>Header Files</Filter>
    </ClInclude>
    <ClInclude Include="..\..\..\..\libclamav\mpool.h">
      <Filter>Header Files</Filter>
    </ClInclude>
    <ClInclude Include="..\..\..\..\libclamav\msdoc.h">
      <Filter>Header Files</Filter>
    </ClInclude>
    <ClInclude Include="..\..\..\..\libclamav\msexpand.h">
      <Filter>Header Files</Filter>
    </ClInclude>
    <ClInclude Include="..\..\..\..\libclamav\mspack.h">
      <Filter>Header Files</Filter>
    </ClInclude>
    <ClInclude Include="..\..\..\..\libclamav\msxml.h">
      <Filter>Header Files</Filter>
    </ClInclude>
    <ClInclude Include="..\..\..\..\libclamav\ole2_extract.h">
      <Filter>Header Files</Filter>
    </ClInclude>
    <ClInclude Include="..\..\..\..\libclamav\ooxml.h">
      <Filter>Header Files</Filter>
    </ClInclude>
    <ClInclude Include="..\..\..\..\libclamav\openioc.h">
      <Filter>Header Files</Filter>
    </ClInclude>
    <ClInclude Include="..\..\..\..\libclamav\others.h">
      <Filter>Header Files</Filter>
    </ClInclude>
    <ClInclude Include="..\..\..\..\libclamav\packlibs.h">
      <Filter>Header Files</Filter>
    </ClInclude>
    <ClInclude Include="..\..\..\..\libclamav\pdf.h">
      <Filter>Header Files</Filter>
    </ClInclude>
    <ClInclude Include="..\..\..\..\libclamav\pe.h">
      <Filter>Header Files</Filter>
    </ClInclude>
    <ClInclude Include="..\..\..\..\libclamav\pe_icons.h">
      <Filter>Header Files</Filter>
    </ClInclude>
    <ClInclude Include="..\..\..\..\libclamav\perflogging.h">
      <Filter>Header Files</Filter>
    </ClInclude>
    <ClInclude Include="..\..\..\..\libclamav\petite.h">
      <Filter>Header Files</Filter>
    </ClInclude>
    <ClInclude Include="..\..\..\..\libclamav\phish_domaincheck_db.h">
      <Filter>Header Files</Filter>
    </ClInclude>
    <ClInclude Include="..\..\..\..\libclamav\phish_whitelist.h">
      <Filter>Header Files</Filter>
    </ClInclude>
    <ClInclude Include="..\..\..\..\libclamav\phishcheck.h">
      <Filter>Header Files</Filter>
    </ClInclude>
    <ClInclude Include="..\..\..\..\libclamav\png.h">
      <Filter>Header Files</Filter>
    </ClInclude>
    <ClInclude Include="..\..\..\..\libclamav\prtn_intxn.h">
      <Filter>Header Files</Filter>
    </ClInclude>
    <ClInclude Include="..\..\..\..\libclamav\readdb.h">
      <Filter>Header Files</Filter>
    </ClInclude>
    <ClInclude Include="..\..\..\..\libclamav\rebuildpe.h">
      <Filter>Header Files</Filter>
    </ClInclude>
    <ClInclude Include="..\..\..\..\libclamav\regex_list.h">
      <Filter>Header Files</Filter>
    </ClInclude>
    <ClInclude Include="..\..\..\..\libclamav\regex_suffix.h">
      <Filter>Header Files</Filter>
    </ClInclude>
    <ClInclude Include="..\..\..\..\libclamav\rijndael.h">
      <Filter>Header Files</Filter>
    </ClInclude>
    <ClInclude Include="..\..\..\..\libclamav\rtf.h">
      <Filter>Header Files</Filter>
    </ClInclude>
    <ClInclude Include="..\..\..\..\libclamav\scanners.h">
      <Filter>Header Files</Filter>
    </ClInclude>
    <ClInclude Include="..\..\..\..\libclamav\sf_base64decode.h">
      <Filter>Header Files</Filter>
    </ClInclude>
    <ClInclude Include="..\..\..\..\libclamav\sis.h">
      <Filter>Header Files</Filter>
    </ClInclude>
    <ClInclude Include="..\..\..\..\libclamav\special.h">
      <Filter>Header Files</Filter>
    </ClInclude>
    <ClInclude Include="..\..\..\..\libclamav\spin.h">
      <Filter>Header Files</Filter>
    </ClInclude>
    <ClInclude Include="..\..\..\..\libclamav\stats.h">
      <Filter>Header Files</Filter>
    </ClInclude>
    <ClInclude Include="..\..\..\..\libclamav\stats_json.h">
      <Filter>Header Files</Filter>
    </ClInclude>
    <ClInclude Include="..\..\..\..\libclamav\str.h">
      <Filter>Header Files</Filter>
    </ClInclude>
    <ClInclude Include="..\..\..\..\libclamav\swf.h">
      <Filter>Header Files</Filter>
    </ClInclude>
    <ClInclude Include="..\..\..\..\libclamav\table.h">
      <Filter>Header Files</Filter>
    </ClInclude>
    <ClInclude Include="..\..\..\..\libclamav\text.h">
      <Filter>Header Files</Filter>
    </ClInclude>
    <ClInclude Include="..\..\..\..\libclamav\textdet.h">
      <Filter>Header Files</Filter>
    </ClInclude>
    <ClInclude Include="..\..\..\..\libclamav\textnorm.h">
      <Filter>Header Files</Filter>
    </ClInclude>
    <ClInclude Include="..\..\..\..\libclamav\tnef.h">
      <Filter>Header Files</Filter>
    </ClInclude>
    <ClInclude Include="..\..\..\..\libclamav\type_desc.h">
      <Filter>Header Files</Filter>
    </ClInclude>
    <ClInclude Include="..\..\..\..\libclamav\unarj.h">
      <Filter>Header Files</Filter>
    </ClInclude>
    <ClInclude Include="..\..\..\..\libclamav\uniq.h">
      <Filter>Header Files</Filter>
    </ClInclude>
    <ClInclude Include="..\..\..\..\libclamav\unsp.h">
      <Filter>Header Files</Filter>
    </ClInclude>
    <ClInclude Include="..\..\..\..\libclamav\untar.h">
      <Filter>Header Files</Filter>
    </ClInclude>
    <ClInclude Include="..\..\..\..\libclamav\unzip.h">
      <Filter>Header Files</Filter>
    </ClInclude>
    <ClInclude Include="..\..\..\..\libclamav\upack.h">
      <Filter>Header Files</Filter>
    </ClInclude>
    <ClInclude Include="..\..\..\..\libclamav\upx.h">
      <Filter>Header Files</Filter>
    </ClInclude>
    <ClInclude Include="..\..\..\..\libclamav\uuencode.h">
      <Filter>Header Files</Filter>
    </ClInclude>
    <ClInclude Include="..\..\..\..\libclamav\vba_extract.h">
      <Filter>Header Files</Filter>
    </ClInclude>
    <ClInclude Include="..\..\..\..\libclamav\version.h">
      <Filter>Header Files</Filter>
    </ClInclude>
    <ClInclude Include="..\..\..\..\libclamav\wwunpack.h">
      <Filter>Header Files</Filter>
    </ClInclude>
    <ClInclude Include="..\..\..\..\libclamav\www.h">
      <Filter>Header Files</Filter>
    </ClInclude>
    <ClInclude Include="..\..\..\..\libclamav\xar.h">
      <Filter>Header Files</Filter>
    </ClInclude>
    <ClInclude Include="..\..\..\..\libclamav\xdp.h">
      <Filter>Header Files</Filter>
    </ClInclude>
    <ClInclude Include="..\..\..\..\libclamav\xz_iface.h">
      <Filter>Header Files</Filter>
    </ClInclude>
    <ClInclude Include="..\..\..\..\libclamav\yc.h">
      <Filter>Header Files</Filter>
    </ClInclude>
    <ClInclude Include="..\..\include\bzlib.h">
      <Filter>Win32 Files\Header Files</Filter>
    </ClInclude>
    <ClInclude Include="..\..\clamav-config.h">
      <Filter>Win32 Files\Header Files</Filter>
    </ClInclude>
    <ClInclude Include="..\..\include\clamwin.h">
      <Filter>Win32 Files\Header Files</Filter>
    </ClInclude>
    <ClInclude Include="..\..\include\cw_inline.h">
      <Filter>Win32 Files\Header Files</Filter>
    </ClInclude>
    <ClInclude Include="..\..\include\cwdefs.h">
      <Filter>Win32 Files\Header Files</Filter>
    </ClInclude>
    <ClInclude Include="..\..\include\cwhelpers.h">
      <Filter>Win32 Files\Header Files</Filter>
    </ClInclude>
    <ClInclude Include="..\..\include\dirent.h">
      <Filter>Win32 Files\Header Files</Filter>
    </ClInclude>
    <ClInclude Include="..\..\include\exeScanner.h">
      <Filter>Win32 Files\Header Files</Filter>
    </ClInclude>
    <ClInclude Include="..\..\include\inttypes.h">
      <Filter>Win32 Files\Header Files</Filter>
    </ClInclude>
    <ClInclude Include="..\..\include\libgen.h">
      <Filter>Win32 Files\Header Files</Filter>
    </ClInclude>
    <ClInclude Include="..\..\include\ltdl.h">
      <Filter>Win32 Files\Header Files</Filter>
    </ClInclude>
    <ClInclude Include="..\..\include\osdeps.h">
      <Filter>Win32 Files\Header Files</Filter>
    </ClInclude>
    <ClInclude Include="..\..\include\platform.h">
      <Filter>Win32 Files\Header Files</Filter>
    </ClInclude>
    <ClInclude Include="..\..\include\posix-errno.h">
      <Filter>Win32 Files\Header Files</Filter>
    </ClInclude>
    <ClInclude Include="..\..\include\safe_ctype.h">
      <Filter>Win32 Files\Header Files</Filter>
    </ClInclude>
    <ClInclude Include="..\..\include\socket_inline.h">
      <Filter>Win32 Files\Header Files</Filter>
    </ClInclude>
    <ClInclude Include="..\..\include\target.h">
      <Filter>Win32 Files\Header Files</Filter>
    </ClInclude>
    <ClInclude Include="..\..\include\termios.h">
      <Filter>Win32 Files\Header Files</Filter>
    </ClInclude>
    <ClInclude Include="..\..\include\unistd.h">
      <Filter>Win32 Files\Header Files</Filter>
    </ClInclude>
    <ClInclude Include="..\..\include\zconf.h">
      <Filter>Win32 Files\Header Files</Filter>
    </ClInclude>
    <ClInclude Include="..\..\include\zlib.h">
      <Filter>Win32 Files\Header Files</Filter>
    </ClInclude>
    <ClInclude Include="..\..\include\openssl\err.h">
      <Filter>Win32 Files\Header Files\openssl</Filter>
    </ClInclude>
    <ClInclude Include="..\..\include\openssl\ssl.h">
      <Filter>Win32 Files\Header Files\openssl</Filter>
    </ClInclude>
    <ClInclude Include="..\..\gnulib\alloca.h">
      <Filter>Win32 Files\gnulib</Filter>
    </ClInclude>
    <ClInclude Include="..\..\gnulib\config.h">
      <Filter>Win32 Files\gnulib</Filter>
    </ClInclude>
    <ClInclude Include="..\..\gnulib\msvc-inval.h">
      <Filter>Win32 Files\gnulib</Filter>
    </ClInclude>
    <ClInclude Include="..\..\gnulib\printf-args.h">
      <Filter>Win32 Files\gnulib</Filter>
    </ClInclude>
    <ClInclude Include="..\..\gnulib\printf-parse.h">
      <Filter>Win32 Files\gnulib</Filter>
    </ClInclude>
    <ClInclude Include="..\..\gnulib\stdbool.h">
      <Filter>Win32 Files\gnulib</Filter>
    </ClInclude>
    <ClInclude Include="..\..\gnulib\vasnprintf.h">
      <Filter>Win32 Files\gnulib</Filter>
    </ClInclude>
    <ClInclude Include="..\..\gnulib\verify.h">
      <Filter>Win32 Files\gnulib</Filter>
    </ClInclude>
    <ClInclude Include="..\..\gnulib\xsize.h">
      <Filter>Win32 Files\gnulib</Filter>
    </ClInclude>
    <ClInclude Include="..\..\..\..\win32\3rdparty\zlib\crc32.h">
      <Filter>Win32 Files\zlib</Filter>
    </ClInclude>
    <ClInclude Include="..\..\..\..\win32\3rdparty\zlib\deflate.h">
      <Filter>Win32 Files\zlib</Filter>
    </ClInclude>
    <ClInclude Include="..\..\..\..\win32\3rdparty\zlib\inffast.h">
      <Filter>Win32 Files\zlib</Filter>
    </ClInclude>
    <ClInclude Include="..\..\..\..\win32\3rdparty\zlib\inffixed.h">
      <Filter>Win32 Files\zlib</Filter>
    </ClInclude>
    <ClInclude Include="..\..\..\..\win32\3rdparty\zlib\inflate.h">
      <Filter>Win32 Files\zlib</Filter>
    </ClInclude>
    <ClInclude Include="..\..\..\..\win32\3rdparty\zlib\inftrees.h">
      <Filter>Win32 Files\zlib</Filter>
    </ClInclude>
    <ClInclude Include="..\..\..\..\win32\3rdparty\zlib\trees.h">
      <Filter>Win32 Files\zlib</Filter>
    </ClInclude>
    <ClInclude Include="..\..\..\..\win32\3rdparty\zlib\zutil.h">
      <Filter>Win32 Files\zlib</Filter>
    </ClInclude>
    <ClInclude Include="..\..\..\..\win32\3rdparty\bzip2\bzlib_private.h">
      <Filter>Win32 Files\bzip2</Filter>
    </ClInclude>
    <ClInclude Include="..\..\json-c\arraylist.h">
      <Filter>Win32 Files\json-c</Filter>
    </ClInclude>
    <ClInclude Include="..\..\json-c\bits.h">
      <Filter>Win32 Files\json-c</Filter>
    </ClInclude>
    <ClInclude Include="..\..\json-c\config.h">
      <Filter>Win32 Files\json-c</Filter>
    </ClInclude>
    <ClInclude Include="..\..\json-c\debug.h">
      <Filter>Win32 Files\json-c</Filter>
    </ClInclude>
    <ClInclude Include="..\..\json-c\json_config.h">
      <Filter>Win32 Files\json-c</Filter>
    </ClInclude>
    <ClInclude Include="..\..\json-c\json_inttypes.h">
      <Filter>Win32 Files\json-c</Filter>
    </ClInclude>
    <ClInclude Include="..\..\json-c\json_object.h">
      <Filter>Win32 Files\json-c</Filter>
    </ClInclude>
    <ClInclude Include="..\..\json-c\json_object_private.h">
      <Filter>Win32 Files\json-c</Filter>
    </ClInclude>
    <ClInclude Include="..\..\json-c\json_tokener.h">
      <Filter>Win32 Files\json-c</Filter>
    </ClInclude>
    <ClInclude Include="..\..\json-c\json_util.h">
      <Filter>Win32 Files\json-c</Filter>
    </ClInclude>
    <ClInclude Include="..\..\json-c\linkhash.h">
      <Filter>Win32 Files\json-c</Filter>
    </ClInclude>
    <ClInclude Include="..\..\json-c\math_compat.h">
      <Filter>Win32 Files\json-c</Filter>
    </ClInclude>
    <ClInclude Include="..\..\json-c\printbuf.h">
      <Filter>Win32 Files\json-c</Filter>
    </ClInclude>
  </ItemGroup>
  <ItemGroup>
    <ResourceCompile Include="..\..\resources\libclamav.rc">
      <Filter>Resource Files</Filter>
    </ResourceCompile>
  </ItemGroup>
</Project>