<?xml version="1.0" encoding="utf-8"?>
<Project ToolsVersion="4.0" xmlns="http://schemas.microsoft.com/developer/msbuild/2003">
  <ItemGroup>
    <Filter Include="Source Files">
      <UniqueIdentifier>{4FC737F1-C7A5-4376-A066-2A32D752A2FF}</UniqueIdentifier>
      <Extensions>cpp;c;cc;cxx;def;odl;idl;hpj;bat;asm;asmx</Extensions>
    </Filter>
    <Filter Include="Header Files">
      <UniqueIdentifier>{93995380-89BD-4b04-88EB-625FBE52EBFB}</UniqueIdentifier>
      <Extensions>h;hpp;hxx;hm;inl;inc;xsd</Extensions>
    </Filter>
    <Filter Include="Resource Files">
      <UniqueIdentifier>{f87471bd-2116-490f-b6c7-44ab191b47c9}</UniqueIdentifier>
      <Extensions>rc;ico;cur;bmp;dlg;rc2;rct;bin;rgs;gif;jpg;jpeg;jpe;resx;tiff;tif;png;wav</Extensions>
    </Filter>
    <Filter Include="gnulib">
      <UniqueIdentifier>{d9bed8b4-1833-405d-b256-8e6a25084b4e}</UniqueIdentifier>
    </Filter>
  </ItemGroup>
  <ItemGroup>
    <ClCompile Include="..\..\..\..\libclamunrar_iface\unrar_iface.c">
      <Filter>Source Files</Filter>
    </ClCompile>
    <ClCompile Include="..\..\gnulib\printf-args.c">
      <Filter>gnulib</Filter>
    </ClCompile>
    <ClCompile Include="..\..\gnulib\printf-parse.c">
      <Filter>gnulib</Filter>
    </ClCompile>
    <ClCompile Include="..\..\gnulib\snprintf.c">
      <Filter>gnulib</Filter>
    </ClCompile>
    <ClCompile Include="..\..\gnulib\vasnprintf.c">
      <Filter>gnulib</Filter>
    </ClCompile>
  </ItemGroup>
  <ItemGroup>
    <ClInclude Include="..\..\..\..\libclamunrar_iface\unrar_iface.h">
      <Filter>Header Files</Filter>
    </ClInclude>
  </ItemGroup>
  <ItemGroup>
    <ResourceCompile Include="..\..\resources\libclamunrar_iface.rc">
      <Filter>Resource Files</Filter>
    </ResourceCompile>
  </ItemGroup>
</Project>