<?xml version="1.0" encoding="utf-8"?>
<Project ToolsVersion="4.0" xmlns="http://schemas.microsoft.com/developer/msbuild/2003">
  <ItemGroup>
    <Filter Include="Source Files">
      <UniqueIdentifier>{4FC737F1-C7A5-4376-A066-2A32D752A2FF}</UniqueIdentifier>
      <Extensions>cpp;c;cc;cxx;def;odl;idl;hpj;bat;asm;asmx</Extensions>
    </Filter>
    <Filter Include="Header Files">
      <UniqueIdentifier>{93995380-89BD-4b04-88EB-625FBE52EBFB}</UniqueIdentifier>
      <Extensions>h;hpp;hxx;hm;inl;inc;xsd</Extensions>
    </Filter>
    <Filter Include="Resource Files">
      <UniqueIdentifier>{67DA6AB6-F800-4c08-8B7A-83BB121AAD01}</UniqueIdentifier>
      <Extensions>rc;ico;cur;bmp;dlg;rc2;rct;bin;rgs;gif;jpg;jpeg;jpe;resx;tiff;tif;png;wav</Extensions>
    </Filter>
    <Filter Include="Win32 Files">
      <UniqueIdentifier>{697f66cc-b466-4706-8795-fb5b171fa100}</UniqueIdentifier>
    </Filter>
    <Filter Include="Shared">
      <UniqueIdentifier>{23ca3dc7-cb1d-4249-ac39-d97cb0c0cb28}</UniqueIdentifier>
    </Filter>
  </ItemGroup>
  <ItemGroup>
    <ClCompile Include="..\..\..\..\sigtool\sigtool.c">
      <Filter>Source Files</Filter>
    </ClCompile>
    <ClCompile Include="..\..\..\..\sigtool\vba.c">
      <Filter>Source Files</Filter>
    </ClCompile>
    <ClCompile Include="..\..\src\helpers\crashdump.c">
      <Filter>Win32 Files</Filter>
    </ClCompile>
    <ClCompile Include="..\..\src\helpers\cw_main.c">
      <Filter>Win32 Files</Filter>
    </ClCompile>
    <ClCompile Include="..\..\..\..\shared\cdiff.c">
      <Filter>Shared</Filter>
    </ClCompile>
    <ClCompile Include="..\..\..\..\shared\getopt.c">
      <Filter>Shared</Filter>
    </ClCompile>
    <ClCompile Include="..\..\..\..\shared\misc.c">
      <Filter>Shared</Filter>
    </ClCompile>
    <ClCompile Include="..\..\..\..\shared\output.c">
      <Filter>Shared</Filter>
    </ClCompile>
    <ClCompile Include="..\..\..\..\shared\tar.c">
      <Filter>Shared</Filter>
    </ClCompile>
  </ItemGroup>
  <ItemGroup>
    <ClInclude Include="..\..\..\..\sigtool\vba.h">
      <Filter>Header Files</Filter>
    </ClInclude>
  </ItemGroup>
  <ItemGroup>
    <ResourceCompile Include="..\..\resources\sigtool.rc">
      <Filter>Resource Files</Filter>
    </ResourceCompile>
  </ItemGroup>
</Project>